// !$*UTF8*$!
{
	archiveVersion = 1;
	classes = {
	};
	objectVersion = 46;
	objects = {

/* Begin PBXBuildFile section */
		2458EEF41CA3BDB3009AF6A8 /* 背景1.jpg in Resources */ = {isa = PBXBuildFile; fileRef = 2458EEF31CA3BDB3009AF6A8 /* 背景1.jpg */; };
		2458EEF61CA3BDCC009AF6A8 /* 背景3.jpg in Resources */ = {isa = PBXBuildFile; fileRef = 2458EEF51CA3BDCC009AF6A8 /* 背景3.jpg */; };
		2458EEFA1CA3BE10009AF6A8 /* 背景5.jpg in Resources */ = {isa = PBXBuildFile; fileRef = 2458EEF91CA3BE10009AF6A8 /* 背景5.jpg */; };
		2458EEFC1CA3BE24009AF6A8 /* 背景6.jpg in Resources */ = {isa = PBXBuildFile; fileRef = 2458EEFB1CA3BE24009AF6A8 /* 背景6.jpg */; };
		245ED61C1CA277B000BE79E2 /* 返回.png in Resources */ = {isa = PBXBuildFile; fileRef = 245ED61B1CA277B000BE79E2 /* 返回.png */; };
		245ED61F1CA2808100BE79E2 /* LevelViewController.m in Sources */ = {isa = PBXBuildFile; fileRef = 245ED61E1CA2808100BE79E2 /* LevelViewController.m */; };
		245ED6221CA2831500BE79E2 /* WrongQuestionViewController.m in Sources */ = {isa = PBXBuildFile; fileRef = 245ED6211CA2831500BE79E2 /* WrongQuestionViewController.m */; };
		245ED6251CA2864300BE79E2 /* recordViewController.m in Sources */ = {isa = PBXBuildFile; fileRef = 245ED6241CA2864300BE79E2 /* recordViewController.m */; };
		245ED62B1CA2B24B00BE79E2 /* IntroduceViewController.m in Sources */ = {isa = PBXBuildFile; fileRef = 245ED62A1CA2B24B00BE79E2 /* IntroduceViewController.m */; };
		247F067C1CA9127E00262684 /* 首页底.jpg in Resources */ = {isa = PBXBuildFile; fileRef = 247F067B1CA9127E00262684 /* 首页底.jpg */; };
		24DD26331C9A8BF10007997A /* main.m in Sources */ = {isa = PBXBuildFile; fileRef = 24DD26321C9A8BF10007997A /* main.m */; };
		24DD26361C9A8BF10007997A /* AppDelegate.m in Sources */ = {isa = PBXBuildFile; fileRef = 24DD26351C9A8BF10007997A /* AppDelegate.m */; };
		24DD26391C9A8BF10007997A /* ViewController.m in Sources */ = {isa = PBXBuildFile; fileRef = 24DD26381C9A8BF10007997A /* ViewController.m */; };
		24DD263C1C9A8BF10007997A /* Main.storyboard in Resources */ = {isa = PBXBuildFile; fileRef = 24DD263A1C9A8BF10007997A /* Main.storyboard */; };
		24DD263E1C9A8BF10007997A /* Assets.xcassets in Resources */ = {isa = PBXBuildFile; fileRef = 24DD263D1C9A8BF10007997A /* Assets.xcassets */; };
		24DD26411C9A8BF10007997A /* LaunchScreen.storyboard in Resources */ = {isa = PBXBuildFile; fileRef = 24DD263F1C9A8BF10007997A /* LaunchScreen.storyboard */; };
		24DD26791C9AD4A50007997A /* BaseViewController.m in Sources */ = {isa = PBXBuildFile; fileRef = 24DD26781C9AD4A50007997A /* BaseViewController.m */; };
		24DD267C1C9AD98D0007997A /* HomeViewController.m in Sources */ = {isa = PBXBuildFile; fileRef = 24DD267B1C9AD98D0007997A /* HomeViewController.m */; };
		24DD267F1C9AD9D40007997A /* UserViewController.m in Sources */ = {isa = PBXBuildFile; fileRef = 24DD267E1C9AD9D40007997A /* UserViewController.m */; };
		24E7A7DC1CA28F9F00A162FB /* HomePageTableViewCell.m in Sources */ = {isa = PBXBuildFile; fileRef = 24E7A7DB1CA28F9F00A162FB /* HomePageTableViewCell.m */; };
		24E7A7DE1CA2926700A162FB /* 动物.jpg in Resources */ = {isa = PBXBuildFile; fileRef = 24E7A7DD1CA2926700A162FB /* 动物.jpg */; };
		24E7A8021CA2968500A162FB /* 蔬菜.png in Resources */ = {isa = PBXBuildFile; fileRef = 24E7A8011CA2968500A162FB /* 蔬菜.png */; };
		24E7A8041CA2968D00A162FB /* 水果.png in Resources */ = {isa = PBXBuildFile; fileRef = 24E7A8031CA2968D00A162FB /* 水果.png */; };
		24E7A8061CA2969D00A162FB /* 运动.png in Resources */ = {isa = PBXBuildFile; fileRef = 24E7A8051CA2969D00A162FB /* 运动.png */; };
		24E7A8081CA2AAE000A162FB /* 生活用品.jpg in Resources */ = {isa = PBXBuildFile; fileRef = 24E7A8071CA2AAE000A162FB /* 生活用品.jpg */; };
		24E7A80E1CA2C8FD00A162FB /* 背景2.jpg in Resources */ = {isa = PBXBuildFile; fileRef = 24E7A80D1CA2C8FD00A162FB /* 背景2.jpg */; };
		E185DBF820598A546BA4041B /* libPods-WordsAPP.a in Frameworks */ = {isa = PBXBuildFile; fileRef = E735C076B388FE593770211B /* libPods-WordsAPP.a */; };
/* End PBXBuildFile section */

/* Begin PBXFileReference section */
		2458EEF31CA3BDB3009AF6A8 /* 背景1.jpg */ = {isa = PBXFileReference; lastKnownFileType = image.jpeg; path = "背景1.jpg"; sourceTree = "<group>"; };
		2458EEF51CA3BDCC009AF6A8 /* 背景3.jpg */ = {isa = PBXFileReference; lastKnownFileType = image.jpeg; path = "背景3.jpg"; sourceTree = "<group>"; };
		2458EEF91CA3BE10009AF6A8 /* 背景5.jpg */ = {isa = PBXFileReference; lastKnownFileType = image.jpeg; path = "背景5.jpg"; sourceTree = "<group>"; };
		2458EEFB1CA3BE24009AF6A8 /* 背景6.jpg */ = {isa = PBXFileReference; lastKnownFileType = image.jpeg; path = "背景6.jpg"; sourceTree = "<group>"; };
		245ED61B1CA277B000BE79E2 /* 返回.png */ = {isa = PBXFileReference; lastKnownFileType = image.png; path = "返回.png"; sourceTree = "<group>"; };
		245ED61D1CA2808100BE79E2 /* LevelViewController.h */ = {isa = PBXFileReference; fileEncoding = 4; lastKnownFileType = sourcecode.c.h; path = LevelViewController.h; sourceTree = "<group>"; };
		245ED61E1CA2808100BE79E2 /* LevelViewController.m */ = {isa = PBXFileReference; fileEncoding = 4; lastKnownFileType = sourcecode.c.objc; path = LevelViewController.m; sourceTree = "<group>"; };
		245ED6201CA2831500BE79E2 /* WrongQuestionViewController.h */ = {isa = PBXFileReference; fileEncoding = 4; lastKnownFileType = sourcecode.c.h; name = WrongQuestionViewController.h; path = "WordsAPP/首页/WrongQuestionViewController.h"; sourceTree = SOURCE_ROOT; };
		245ED6211CA2831500BE79E2 /* WrongQuestionViewController.m */ = {isa = PBXFileReference; fileEncoding = 4; lastKnownFileType = sourcecode.c.objc; name = WrongQuestionViewController.m; path = "WordsAPP/首页/WrongQuestionViewController.m"; sourceTree = SOURCE_ROOT; };
		245ED6231CA2864300BE79E2 /* recordViewController.h */ = {isa = PBXFileReference; fileEncoding = 4; lastKnownFileType = sourcecode.c.h; name = recordViewController.h; path = "WordsAPP/首页/recordViewController.h"; sourceTree = SOURCE_ROOT; };
		245ED6241CA2864300BE79E2 /* recordViewController.m */ = {isa = PBXFileReference; fileEncoding = 4; lastKnownFileType = sourcecode.c.objc; name = recordViewController.m; path = "WordsAPP/首页/recordViewController.m"; sourceTree = SOURCE_ROOT; };
		245ED6291CA2B24B00BE79E2 /* IntroduceViewController.h */ = {isa = PBXFileReference; fileEncoding = 4; lastKnownFileType = sourcecode.c.h; path = IntroduceViewController.h; sourceTree = "<group>"; };
		245ED62A1CA2B24B00BE79E2 /* IntroduceViewController.m */ = {isa = PBXFileReference; fileEncoding = 4; lastKnownFileType = sourcecode.c.objc; path = IntroduceViewController.m; sourceTree = "<group>"; };
		247F067B1CA9127E00262684 /* 首页底.jpg */ = {isa = PBXFileReference; lastKnownFileType = image.jpeg; path = "首页底.jpg"; sourceTree = "<group>"; };
		24DD262E1C9A8BF10007997A /* WordsAPP.app */ = {isa = PBXFileReference; explicitFileType = wrapper.application; includeInIndex = 0; path = WordsAPP.app; sourceTree = BUILT_PRODUCTS_DIR; };
		24DD26321C9A8BF10007997A /* main.m */ = {isa = PBXFileReference; lastKnownFileType = sourcecode.c.objc; path = main.m; sourceTree = "<group>"; };
		24DD26341C9A8BF10007997A /* AppDelegate.h */ = {isa = PBXFileReference; lastKnownFileType = sourcecode.c.h; path = AppDelegate.h; sourceTree = "<group>"; };
		24DD26351C9A8BF10007997A /* AppDelegate.m */ = {isa = PBXFileReference; lastKnownFileType = sourcecode.c.objc; path = AppDelegate.m; sourceTree = "<group>"; };
		24DD26371C9A8BF10007997A /* ViewController.h */ = {isa = PBXFileReference; lastKnownFileType = sourcecode.c.h; path = ViewController.h; sourceTree = "<group>"; };
		24DD26381C9A8BF10007997A /* ViewController.m */ = {isa = PBXFileReference; lastKnownFileType = sourcecode.c.objc; path = ViewController.m; sourceTree = "<group>"; };
		24DD263B1C9A8BF10007997A /* Base */ = {isa = PBXFileReference; lastKnownFileType = file.storyboard; name = Base; path = Base.lproj/Main.storyboard; sourceTree = "<group>"; };
		24DD263D1C9A8BF10007997A /* Assets.xcassets */ = {isa = PBXFileReference; lastKnownFileType = folder.assetcatalog; path = Assets.xcassets; sourceTree = "<group>"; };
		24DD26401C9A8BF10007997A /* Base */ = {isa = PBXFileReference; lastKnownFileType = file.storyboard; name = Base; path = Base.lproj/LaunchScreen.storyboard; sourceTree = "<group>"; };
		24DD26421C9A8BF10007997A /* Info.plist */ = {isa = PBXFileReference; lastKnownFileType = text.plist.xml; path = Info.plist; sourceTree = "<group>"; };
		24DD26771C9AD4A50007997A /* BaseViewController.h */ = {isa = PBXFileReference; fileEncoding = 4; lastKnownFileType = sourcecode.c.h; path = BaseViewController.h; sourceTree = "<group>"; };
		24DD26781C9AD4A50007997A /* BaseViewController.m */ = {isa = PBXFileReference; fileEncoding = 4; lastKnownFileType = sourcecode.c.objc; path = BaseViewController.m; sourceTree = "<group>"; };
		24DD267A1C9AD98D0007997A /* HomeViewController.h */ = {isa = PBXFileReference; fileEncoding = 4; lastKnownFileType = sourcecode.c.h; path = HomeViewController.h; sourceTree = "<group>"; };
		24DD267B1C9AD98D0007997A /* HomeViewController.m */ = {isa = PBXFileReference; fileEncoding = 4; lastKnownFileType = sourcecode.c.objc; path = HomeViewController.m; sourceTree = "<group>"; };
		24DD267D1C9AD9D40007997A /* UserViewController.h */ = {isa = PBXFileReference; fileEncoding = 4; lastKnownFileType = sourcecode.c.h; name = UserViewController.h; path = "WordsAPP/首页/UserViewController.h"; sourceTree = SOURCE_ROOT; };
		24DD267E1C9AD9D40007997A /* UserViewController.m */ = {isa = PBXFileReference; fileEncoding = 4; lastKnownFileType = sourcecode.c.objc; name = UserViewController.m; path = "WordsAPP/首页/UserViewController.m"; sourceTree = SOURCE_ROOT; };
		24E7A7DA1CA28F9F00A162FB /* HomePageTableViewCell.h */ = {isa = PBXFileReference; fileEncoding = 4; lastKnownFileType = sourcecode.c.h; path = HomePageTableViewCell.h; sourceTree = "<group>"; };
		24E7A7DB1CA28F9F00A162FB /* HomePageTableViewCell.m */ = {isa = PBXFileReference; fileEncoding = 4; lastKnownFileType = sourcecode.c.objc; path = HomePageTableViewCell.m; sourceTree = "<group>"; };
		24E7A7DD1CA2926700A162FB /* 动物.jpg */ = {isa = PBXFileReference; lastKnownFileType = image.jpeg; path = "动物.jpg"; sourceTree = "<group>"; };
		24E7A8011CA2968500A162FB /* 蔬菜.png */ = {isa = PBXFileReference; lastKnownFileType = image.png; path = "蔬菜.png"; sourceTree = "<group>"; };
		24E7A8031CA2968D00A162FB /* 水果.png */ = {isa = PBXFileReference; lastKnownFileType = image.png; path = "水果.png"; sourceTree = "<group>"; };
		24E7A8051CA2969D00A162FB /* 运动.png */ = {isa = PBXFileReference; lastKnownFileType = image.png; path = "运动.png"; sourceTree = "<group>"; };
		24E7A8071CA2AAE000A162FB /* 生活用品.jpg */ = {isa = PBXFileReference; lastKnownFileType = image.jpeg; path = "生活用品.jpg"; sourceTree = "<group>"; };
		24E7A80D1CA2C8FD00A162FB /* 背景2.jpg */ = {isa = PBXFileReference; lastKnownFileType = image.jpeg; path = "背景2.jpg"; sourceTree = "<group>"; };
		4AF5D6E0618807C84787B264 /* Pods-WordsAPP.debug.xcconfig */ = {isa = PBXFileReference; includeInIndex = 1; lastKnownFileType = text.xcconfig; name = "Pods-WordsAPP.debug.xcconfig"; path = "Pods/Target Support Files/Pods-WordsAPP/Pods-WordsAPP.debug.xcconfig"; sourceTree = "<group>"; };
		C398090B36CA83F682595D72 /* Pods-WordsAPP.release.xcconfig */ = {isa = PBXFileReference; includeInIndex = 1; lastKnownFileType = text.xcconfig; name = "Pods-WordsAPP.release.xcconfig"; path = "Pods/Target Support Files/Pods-WordsAPP/Pods-WordsAPP.release.xcconfig"; sourceTree = "<group>"; };
		E735C076B388FE593770211B /* libPods-WordsAPP.a */ = {isa = PBXFileReference; explicitFileType = archive.ar; includeInIndex = 0; path = "libPods-WordsAPP.a"; sourceTree = BUILT_PRODUCTS_DIR; };
/* End PBXFileReference section */

/* Begin PBXFrameworksBuildPhase section */
		24DD262B1C9A8BF10007997A /* Frameworks */ = {
			isa = PBXFrameworksBuildPhase;
			buildActionMask = 2147483647;
			files = (
				E185DBF820598A546BA4041B /* libPods-WordsAPP.a in Frameworks */,
			);
			runOnlyForDeploymentPostprocessing = 0;
		};
/* End PBXFrameworksBuildPhase section */

/* Begin PBXGroup section */
		245ED6181CA2775900BE79E2 /* 公用 */ = {
			isa = PBXGroup;
			children = (
				247F067B1CA9127E00262684 /* 首页底.jpg */,
				2458EEF31CA3BDB3009AF6A8 /* 背景1.jpg */,
				24E7A80D1CA2C8FD00A162FB /* 背景2.jpg */,
				2458EEF51CA3BDCC009AF6A8 /* 背景3.jpg */,
				2458EEF91CA3BE10009AF6A8 /* 背景5.jpg */,
				2458EEFB1CA3BE24009AF6A8 /* 背景6.jpg */,
				245ED61B1CA277B000BE79E2 /* 返回.png */,
			);
			path = "公用";
			sourceTree = "<group>";
		};
		245ED6281CA2B20100BE79E2 /* 使用介绍 */ = {
			isa = PBXGroup;
			children = (
				245ED6291CA2B24B00BE79E2 /* IntroduceViewController.h */,
				245ED62A1CA2B24B00BE79E2 /* IntroduceViewController.m */,
			);
			path = "使用介绍";
			sourceTree = "<group>";
		};
		247F06131CA9021500262684 /* 第三方 */ = {
			isa = PBXGroup;
			children = (
			);
			name = "第三方";
			path = "使用介绍/第三方";
			sourceTree = "<group>";
		};
		24DD26251C9A8BF10007997A = {
			isa = PBXGroup;
			children = (
				24DD26301C9A8BF10007997A /* WordsAPP */,
				24DD262F1C9A8BF10007997A /* Products */,
				AC598EA1A03E3777E3BE5AB3 /* Pods */,
				95AF34483F7083D4A36DB04D /* Frameworks */,
			);
			sourceTree = "<group>";
		};
		24DD262F1C9A8BF10007997A /* Products */ = {
			isa = PBXGroup;
			children = (
				24DD262E1C9A8BF10007997A /* WordsAPP.app */,
			);
			name = Products;
			sourceTree = "<group>";
		};
		24DD26301C9A8BF10007997A /* WordsAPP */ = {
			isa = PBXGroup;
			children = (
				24DD26341C9A8BF10007997A /* AppDelegate.h */,
				24DD26351C9A8BF10007997A /* AppDelegate.m */,
				24DD26371C9A8BF10007997A /* ViewController.h */,
				24DD26381C9A8BF10007997A /* ViewController.m */,
				245ED6281CA2B20100BE79E2 /* 使用介绍 */,
				24DD26501C9A8D540007997A /* baseViewController */,
				24DD26491C9A8D540007997A /* 首页 */,
				24DD26481C9A8D540007997A /* 记录 */,
				247F06131CA9021500262684 /* 第三方 */,
				24DD264A1C9A8D540007997A /* 图片 */,
				24DD263A1C9A8BF10007997A /* Main.storyboard */,
				24DD263D1C9A8BF10007997A /* Assets.xcassets */,
				24DD263F1C9A8BF10007997A /* LaunchScreen.storyboard */,
				24DD26421C9A8BF10007997A /* Info.plist */,
				24DD26311C9A8BF10007997A /* Supporting Files */,
			);
			path = WordsAPP;
			sourceTree = "<group>";
		};
		24DD26311C9A8BF10007997A /* Supporting Files */ = {
			isa = PBXGroup;
			children = (
				24DD26321C9A8BF10007997A /* main.m */,
			);
			name = "Supporting Files";
			sourceTree = "<group>";
		};
		24DD26481C9A8D540007997A /* 记录 */ = {
			isa = PBXGroup;
			children = (
				24DD267D1C9AD9D40007997A /* UserViewController.h */,
				24DD267E1C9AD9D40007997A /* UserViewController.m */,
				245ED6231CA2864300BE79E2 /* recordViewController.h */,
				245ED6241CA2864300BE79E2 /* recordViewController.m */,
				245ED6201CA2831500BE79E2 /* WrongQuestionViewController.h */,
				245ED6211CA2831500BE79E2 /* WrongQuestionViewController.m */,
			);
			path = "记录";
			sourceTree = "<group>";
		};
		24DD26491C9A8D540007997A /* 首页 */ = {
			isa = PBXGroup;
			children = (
				24DD267A1C9AD98D0007997A /* HomeViewController.h */,
				24DD267B1C9AD98D0007997A /* HomeViewController.m */,
				24E7A7DA1CA28F9F00A162FB /* HomePageTableViewCell.h */,
				24E7A7DB1CA28F9F00A162FB /* HomePageTableViewCell.m */,
				245ED61D1CA2808100BE79E2 /* LevelViewController.h */,
				245ED61E1CA2808100BE79E2 /* LevelViewController.m */,
			);
			path = "首页";
			sourceTree = "<group>";
		};
		24DD264A1C9A8D540007997A /* 图片 */ = {
			isa = PBXGroup;
			children = (
				245ED6181CA2775900BE79E2 /* 公用 */,
				24E7A7FF1CA2963200A162FB /* 水果 */,
				24E7A7FE1CA2963200A162FB /* 蔬菜 */,
				24DD264C1C9A8D540007997A /* 动物 */,
				24E7A7FD1CA2963200A162FB /* 生活用品 */,
				24E7A8001CA2963200A162FB /* 运动 */,
			);
			path = "图片";
			sourceTree = "<group>";
		};
		24DD264C1C9A8D540007997A /* 动物 */ = {
			isa = PBXGroup;
			children = (
				24E7A7DD1CA2926700A162FB /* 动物.jpg */,
			);
			path = "动物";
			sourceTree = "<group>";
		};
		24DD26501C9A8D540007997A /* baseViewController */ = {
			isa = PBXGroup;
			children = (
				24DD26771C9AD4A50007997A /* BaseViewController.h */,
				24DD26781C9AD4A50007997A /* BaseViewController.m */,
			);
			path = baseViewController;
			sourceTree = "<group>";
		};
		24E7A7FD1CA2963200A162FB /* 生活用品 */ = {
			isa = PBXGroup;
			children = (
				24E7A8071CA2AAE000A162FB /* 生活用品.jpg */,
			);
			path = "生活用品";
			sourceTree = "<group>";
		};
		24E7A7FE1CA2963200A162FB /* 蔬菜 */ = {
			isa = PBXGroup;
			children = (
				24E7A8011CA2968500A162FB /* 蔬菜.png */,
			);
			path = "蔬菜";
			sourceTree = "<group>";
		};
		24E7A7FF1CA2963200A162FB /* 水果 */ = {
			isa = PBXGroup;
			children = (
				24E7A8031CA2968D00A162FB /* 水果.png */,
			);
			path = "水果";
			sourceTree = "<group>";
		};
		24E7A8001CA2963200A162FB /* 运动 */ = {
			isa = PBXGroup;
			children = (
				24E7A8051CA2969D00A162FB /* 运动.png */,
			);
			path = "运动";
			sourceTree = "<group>";
		};
		95AF34483F7083D4A36DB04D /* Frameworks */ = {
			isa = PBXGroup;
			children = (
				E735C076B388FE593770211B /* libPods-WordsAPP.a */,
			);
			name = Frameworks;
			sourceTree = "<group>";
		};
		AC598EA1A03E3777E3BE5AB3 /* Pods */ = {
			isa = PBXGroup;
			children = (
				4AF5D6E0618807C84787B264 /* Pods-WordsAPP.debug.xcconfig */,
				C398090B36CA83F682595D72 /* Pods-WordsAPP.release.xcconfig */,
			);
			name = Pods;
			sourceTree = "<group>";
		};
/* End PBXGroup section */

/* Begin PBXNativeTarget section */
		24DD262D1C9A8BF10007997A /* WordsAPP */ = {
			isa = PBXNativeTarget;
			buildConfigurationList = 24DD26451C9A8BF10007997A /* Build configuration list for PBXNativeTarget "WordsAPP" */;
			buildPhases = (
				B15502E3F15B42F6D0CD77E9 /* Check Pods Manifest.lock */,
				24DD262A1C9A8BF10007997A /* Sources */,
				24DD262B1C9A8BF10007997A /* Frameworks */,
				24DD262C1C9A8BF10007997A /* Resources */,
				AE6AAECFFF28B711652F33E8 /* Embed Pods Frameworks */,
				0D415998E28C59EC782CDD14 /* Copy Pods Resources */,
			);
			buildRules = (
			);
			dependencies = (
			);
			name = WordsAPP;
			productName = WordsAPP;
			productReference = 24DD262E1C9A8BF10007997A /* WordsAPP.app */;
			productType = "com.apple.product-type.application";
		};
/* End PBXNativeTarget section */

/* Begin PBXProject section */
		24DD26261C9A8BF10007997A /* Project object */ = {
			isa = PBXProject;
			attributes = {
				LastUpgradeCheck = 0720;
				ORGANIZATIONNAME = zhugaoqiang;
				TargetAttributes = {
					24DD262D1C9A8BF10007997A = {
						CreatedOnToolsVersion = 7.2.1;
					};
				};
			};
			buildConfigurationList = 24DD26291C9A8BF10007997A /* Build configuration list for PBXProject "WordsAPP" */;
			compatibilityVersion = "Xcode 3.2";
			developmentRegion = English;
			hasScannedForEncodings = 0;
			knownRegions = (
				en,
				Base,
			);
			mainGroup = 24DD26251C9A8BF10007997A;
			productRefGroup = 24DD262F1C9A8BF10007997A /* Products */;
			projectDirPath = "";
			projectRoot = "";
			targets = (
				24DD262D1C9A8BF10007997A /* WordsAPP */,
			);
		};
/* End PBXProject section */

/* Begin PBXResourcesBuildPhase section */
		24DD262C1C9A8BF10007997A /* Resources */ = {
			isa = PBXResourcesBuildPhase;
			buildActionMask = 2147483647;
			files = (
				2458EEF61CA3BDCC009AF6A8 /* 背景3.jpg in Resources */,
				24E7A8021CA2968500A162FB /* 蔬菜.png in Resources */,
				24E7A8081CA2AAE000A162FB /* 生活用品.jpg in Resources */,
				247F067C1CA9127E00262684 /* 首页底.jpg in Resources */,
				24E7A8041CA2968D00A162FB /* 水果.png in Resources */,
				2458EEF41CA3BDB3009AF6A8 /* 背景1.jpg in Resources */,
				24E7A7DE1CA2926700A162FB /* 动物.jpg in Resources */,
				245ED61C1CA277B000BE79E2 /* 返回.png in Resources */,
				24E7A8061CA2969D00A162FB /* 运动.png in Resources */,
				24DD26411C9A8BF10007997A /* LaunchScreen.storyboard in Resources */,
				24DD263E1C9A8BF10007997A /* Assets.xcassets in Resources */,
				24DD263C1C9A8BF10007997A /* Main.storyboard in Resources */,
				24E7A80E1CA2C8FD00A162FB /* 背景2.jpg in Resources */,
				2458EEFA1CA3BE10009AF6A8 /* 背景5.jpg in Resources */,
				2458EEFC1CA3BE24009AF6A8 /* 背景6.jpg in Resources */,
			);
			runOnlyForDeploymentPostprocessing = 0;
		};
/* End PBXResourcesBuildPhase section */

/* Begin PBXShellScriptBuildPhase section */
		0D415998E28C59EC782CDD14 /* Copy Pods Resources */ = {
			isa = PBXShellScriptBuildPhase;
			buildActionMask = 2147483647;
			files = (
			);
			inputPaths = (
			);
			name = "Copy Pods Resources";
			outputPaths = (
			);
			runOnlyForDeploymentPostprocessing = 0;
			shellPath = /bin/sh;
			shellScript = "\"${SRCROOT}/Pods/Target Support Files/Pods-WordsAPP/Pods-WordsAPP-resources.sh\"\n";
			showEnvVarsInLog = 0;
		};
		AE6AAECFFF28B711652F33E8 /* Embed Pods Frameworks */ = {
			isa = PBXShellScriptBuildPhase;
			buildActionMask = 2147483647;
			files = (
			);
			inputPaths = (
			);
			name = "Embed Pods Frameworks";
			outputPaths = (
			);
			runOnlyForDeploymentPostprocessing = 0;
			shellPath = /bin/sh;
			shellScript = "\"${SRCROOT}/Pods/Target Support Files/Pods-WordsAPP/Pods-WordsAPP-frameworks.sh\"\n";
			showEnvVarsInLog = 0;
		};
		B15502E3F15B42F6D0CD77E9 /* Check Pods Manifest.lock */ = {
			isa = PBXShellScriptBuildPhase;
			buildActionMask = 2147483647;
			files = (
			);
			inputPaths = (
			);
			name = "Check Pods Manifest.lock";
			outputPaths = (
			);
			runOnlyForDeploymentPostprocessing = 0;
			shellPath = /bin/sh;
			shellScript = "diff \"${PODS_ROOT}/../Podfile.lock\" \"${PODS_ROOT}/Manifest.lock\" > /dev/null\nif [[ $? != 0 ]] ; then\n    cat << EOM\nerror: The sandbox is not in sync with the Podfile.lock. Run 'pod install' or update your CocoaPods installation.\nEOM\n    exit 1\nfi\n";
			showEnvVarsInLog = 0;
		};
/* End PBXShellScriptBuildPhase section */

/* Begin PBXSourcesBuildPhase section */
		24DD262A1C9A8BF10007997A /* Sources */ = {
			isa = PBXSourcesBuildPhase;
			buildActionMask = 2147483647;
			files = (
				245ED62B1CA2B24B00BE79E2 /* IntroduceViewController.m in Sources */,
				24DD26391C9A8BF10007997A /* ViewController.m in Sources */,
				245ED6251CA2864300BE79E2 /* recordViewController.m in Sources */,
				245ED61F1CA2808100BE79E2 /* LevelViewController.m in Sources */,
				24E7A7DC1CA28F9F00A162FB /* HomePageTableViewCell.m in Sources */,
				24DD26791C9AD4A50007997A /* BaseViewController.m in Sources */,
				24DD26361C9A8BF10007997A /* AppDelegate.m in Sources */,
				245ED6221CA2831500BE79E2 /* WrongQuestionViewController.m in Sources */,
				24DD267F1C9AD9D40007997A /* UserViewController.m in Sources */,
				24DD267C1C9AD98D0007997A /* HomeViewController.m in Sources */,
				24DD26331C9A8BF10007997A /* main.m in Sources */,
			);
			runOnlyForDeploymentPostprocessing = 0;
		};
/* End PBXSourcesBuildPhase section */

/* Begin PBXVariantGroup section */
		24DD263A1C9A8BF10007997A /* Main.storyboard */ = {
			isa = PBXVariantGroup;
			children = (
				24DD263B1C9A8BF10007997A /* Base */,
			);
			name = Main.storyboard;
			sourceTree = "<group>";
		};
		24DD263F1C9A8BF10007997A /* LaunchScreen.storyboard */ = {
			isa = PBXVariantGroup;
			children = (
				24DD26401C9A8BF10007997A /* Base */,
			);
			name = LaunchScreen.storyboard;
			sourceTree = "<group>";
		};
/* End PBXVariantGroup section */

/* Begin XCBuildConfiguration section */
		24DD26431C9A8BF10007997A /* Debug */ = {
			isa = XCBuildConfiguration;
			buildSettings = {
				ALWAYS_SEARCH_USER_PATHS = NO;
				CLANG_CXX_LANGUAGE_STANDARD = "gnu++0x";
				CLANG_CXX_LIBRARY = "libc++";
				CLANG_ENABLE_MODULES = YES;
				CLANG_ENABLE_OBJC_ARC = YES;
				CLANG_WARN_BOOL_CONVERSION = YES;
				CLANG_WARN_CONSTANT_CONVERSION = YES;
				CLANG_WARN_DIRECT_OBJC_ISA_USAGE = YES_ERROR;
				CLANG_WARN_EMPTY_BODY = YES;
				CLANG_WARN_ENUM_CONVERSION = YES;
				CLANG_WARN_INT_CONVERSION = YES;
				CLANG_WARN_OBJC_ROOT_CLASS = YES_ERROR;
				CLANG_WARN_UNREACHABLE_CODE = YES;
				CLANG_WARN__DUPLICATE_METHOD_MATCH = YES;
				"CODE_SIGN_IDENTITY[sdk=iphoneos*]" = "iPhone Developer";
				COPY_PHASE_STRIP = NO;
				DEBUG_INFORMATION_FORMAT = dwarf;
				ENABLE_STRICT_OBJC_MSGSEND = YES;
				ENABLE_TESTABILITY = YES;
				GCC_C_LANGUAGE_STANDARD = gnu99;
				GCC_DYNAMIC_NO_PIC = NO;
				GCC_NO_COMMON_BLOCKS = YES;
				GCC_OPTIMIZATION_LEVEL = 0;
				GCC_PREPROCESSOR_DEFINITIONS = (
					"DEBUG=1",
					"$(inherited)",
				);
				GCC_WARN_64_TO_32_BIT_CONVERSION = YES;
				GCC_WARN_ABOUT_RETURN_TYPE = YES_ERROR;
				GCC_WARN_UNDECLARED_SELECTOR = YES;
				GCC_WARN_UNINITIALIZED_AUTOS = YES_AGGRESSIVE;
				GCC_WARN_UNUSED_FUNCTION = YES;
				GCC_WARN_UNUSED_VARIABLE = YES;
				IPHONEOS_DEPLOYMENT_TARGET = 9.0;
				MTL_ENABLE_DEBUG_INFO = YES;
				ONLY_ACTIVE_ARCH = YES;
				SDKROOT = iphoneos;
			};
			name = Debug;
		};
		24DD26441C9A8BF10007997A /* Release */ = {
			isa = XCBuildConfiguration;
			buildSettings = {
				ALWAYS_SEARCH_USER_PATHS = NO;
				CLANG_CXX_LANGUAGE_STANDARD = "gnu++0x";
				CLANG_CXX_LIBRARY = "libc++";
				CLANG_ENABLE_MODULES = YES;
				CLANG_ENABLE_OBJC_ARC = YES;
				CLANG_WARN_BOOL_CONVERSION = YES;
				CLANG_WARN_CONSTANT_CONVERSION = YES;
				CLANG_WARN_DIRECT_OBJC_ISA_USAGE = YES_ERROR;
				CLANG_WARN_EMPTY_BODY = YES;
				CLANG_WARN_ENUM_CONVERSION = YES;
				CLANG_WARN_INT_CONVERSION = YES;
				CLANG_WARN_OBJC_ROOT_CLASS = YES_ERROR;
				CLANG_WARN_UNREACHABLE_CODE = YES;
				CLANG_WARN__DUPLICATE_METHOD_MATCH = YES;
				"CODE_SIGN_IDENTITY[sdk=iphoneos*]" = "iPhone Developer";
				COPY_PHASE_STRIP = NO;
				DEBUG_INFORMATION_FORMAT = "dwarf-with-dsym";
				ENABLE_NS_ASSERTIONS = NO;
				ENABLE_STRICT_OBJC_MSGSEND = YES;
				GCC_C_LANGUAGE_STANDARD = gnu99;
				GCC_NO_COMMON_BLOCKS = YES;
				GCC_WARN_64_TO_32_BIT_CONVERSION = YES;
				GCC_WARN_ABOUT_RETURN_TYPE = YES_ERROR;
				GCC_WARN_UNDECLARED_SELECTOR = YES;
				GCC_WARN_UNINITIALIZED_AUTOS = YES_AGGRESSIVE;
				GCC_WARN_UNUSED_FUNCTION = YES;
				GCC_WARN_UNUSED_VARIABLE = YES;
				IPHONEOS_DEPLOYMENT_TARGET = 9.0;
				MTL_ENABLE_DEBUG_INFO = NO;
				SDKROOT = iphoneos;
				VALIDATE_PRODUCT = YES;
			};
			name = Release;
		};
		24DD26461C9A8BF10007997A /* Debug */ = {
			isa = XCBuildConfiguration;
			baseConfigurationReference = 4AF5D6E0618807C84787B264 /* Pods-WordsAPP.debug.xcconfig */;
			buildSettings = {
				ASSETCATALOG_COMPILER_APPICON_NAME = AppIcon;
				INFOPLIST_FILE = WordsAPP/Info.plist;
				IPHONEOS_DEPLOYMENT_TARGET = 9.0;
				LD_RUNPATH_SEARCH_PATHS = "$(inherited) @executable_path/Frameworks";
				PRODUCT_BUNDLE_IDENTIFIER = zhugaoqiang.WordsAPP;
				PRODUCT_NAME = "$(TARGET_NAME)";
			};
			name = Debug;
		};
		24DD26471C9A8BF10007997A /* Release */ = {
			isa = XCBuildConfiguration;
			baseConfigurationReference = C398090B36CA83F682595D72 /* Pods-WordsAPP.release.xcconfig */;
			buildSettings = {
				ASSETCATALOG_COMPILER_APPICON_NAME = AppIcon;
				INFOPLIST_FILE = WordsAPP/Info.plist;
				IPHONEOS_DEPLOYMENT_TARGET = 9.0;
				LD_RUNPATH_SEARCH_PATHS = "$(inherited) @executable_path/Frameworks";
				PRODUCT_BUNDLE_IDENTIFIER = zhugaoqiang.WordsAPP;
				PRODUCT_NAME = "$(TARGET_NAME)";
			};
			name = Release;
		};
/* End XCBuildConfiguration section */

/* Begin XCConfigurationList section */
		24DD26291C9A8BF10007997A /* Build configuration list for PBXProject "WordsAPP" */ = {
			isa = XCConfigurationList;
			buildConfigurations = (
				24DD26431C9A8BF10007997A /* Debug */,
				24DD26441C9A8BF10007997A /* Release */,
			);
			defaultConfigurationIsVisible = 0;
			defaultConfigurationName = Release;
		};
		24DD26451C9A8BF10007997A /* Build configuration list for PBXNativeTarget "WordsAPP" */ = {
			isa = XCConfigurationList;
			buildConfigurations = (
				24DD26461C9A8BF10007997A /* Debug */,
				24DD26471C9A8BF10007997A /* Release */,
			);
			defaultConfigurationIsVisible = 0;
			defaultConfigurationName = Release;
		};
/* End XCConfigurationList section */
	};
	rootObject = 24DD26261C9A8BF10007997A /* Project object */;
}
