// !$*UTF8*$!
{
	archiveVersion = 1;
	classes = {
	};
	objectVersion = 46;
	objects = {

/* Begin PBXBuildFile section */
		243F314C1CAFFC040018EB62 /* UMSocialLocalizable.strings in Resources */ = {isa = PBXBuildFile; fileRef = 243F31091CAFFC040018EB62 /* UMSocialLocalizable.strings */; };
		243F314D1CAFFC040018EB62 /* libUMSocial_Sdk_5.0.1.a in Frameworks */ = {isa = PBXBuildFile; fileRef = 243F31171CAFFC040018EB62 /* libUMSocial_Sdk_5.0.1.a */; };
		243F314E1CAFFC040018EB62 /* UMSCommentDetailController.xib in Resources */ = {isa = PBXBuildFile; fileRef = 243F31191CAFFC040018EB62 /* UMSCommentDetailController.xib */; };
		243F314F1CAFFC040018EB62 /* UMSCommentInputController.xib in Resources */ = {isa = PBXBuildFile; fileRef = 243F311A1CAFFC040018EB62 /* UMSCommentInputController.xib */; };
		243F31501CAFFC040018EB62 /* UMSCommentInputControlleriPad.xib in Resources */ = {isa = PBXBuildFile; fileRef = 243F311B1CAFFC040018EB62 /* UMSCommentInputControlleriPad.xib */; };
		243F31511CAFFC040018EB62 /* UMShareEditViewController.xib in Resources */ = {isa = PBXBuildFile; fileRef = 243F311C1CAFFC040018EB62 /* UMShareEditViewController.xib */; };
		243F31521CAFFC040018EB62 /* UMShareEditViewControlleriPad.xib in Resources */ = {isa = PBXBuildFile; fileRef = 243F311D1CAFFC040018EB62 /* UMShareEditViewControlleriPad.xib */; };
		243F31531CAFFC040018EB62 /* UMSLoginViewController.xib in Resources */ = {isa = PBXBuildFile; fileRef = 243F311E1CAFFC040018EB62 /* UMSLoginViewController.xib */; };
		243F31541CAFFC040018EB62 /* UMSnsAccountViewController.xib in Resources */ = {isa = PBXBuildFile; fileRef = 243F311F1CAFFC040018EB62 /* UMSnsAccountViewController.xib */; };
		243F31551CAFFC040018EB62 /* UMSShareListController.xib in Resources */ = {isa = PBXBuildFile; fileRef = 243F31201CAFFC040018EB62 /* UMSShareListController.xib */; };
		243F31561CAFFC040018EB62 /* UMSocialSDKResourcesNew.bundle in Resources */ = {isa = PBXBuildFile; fileRef = 243F31211CAFFC040018EB62 /* UMSocialSDKResourcesNew.bundle */; };
		243F31571CAFFC040018EB62 /* libSocialSinaSSO.a in Frameworks */ = {isa = PBXBuildFile; fileRef = 243F31251CAFFC040018EB62 /* libSocialSinaSSO.a */; };
		243F31581CAFFC040018EB62 /* libWeiboSDK.a in Frameworks */ = {isa = PBXBuildFile; fileRef = 243F31261CAFFC040018EB62 /* libWeiboSDK.a */; };
		243F31591CAFFC040018EB62 /* WeiboSDK.bundle in Resources */ = {isa = PBXBuildFile; fileRef = 243F31301CAFFC040018EB62 /* WeiboSDK.bundle */; };
		243F315A1CAFFC040018EB62 /* libSocialQQ.a in Frameworks */ = {isa = PBXBuildFile; fileRef = 243F31341CAFFC040018EB62 /* libSocialQQ.a */; };
		243F315B1CAFFC040018EB62 /* TencentOpenAPI.framework in Frameworks */ = {isa = PBXBuildFile; fileRef = 243F31351CAFFC040018EB62 /* TencentOpenAPI.framework */; };
		243F315C1CAFFC040018EB62 /* TencentOpenApi_IOS_Bundle.bundle in Resources */ = {isa = PBXBuildFile; fileRef = 243F31361CAFFC040018EB62 /* TencentOpenApi_IOS_Bundle.bundle */; };
		243F315D1CAFFC040018EB62 /* libSocialWechat.a in Frameworks */ = {isa = PBXBuildFile; fileRef = 243F31391CAFFC040018EB62 /* libSocialWechat.a */; };
		243F315E1CAFFC040018EB62 /* libWeChatSDK.a in Frameworks */ = {isa = PBXBuildFile; fileRef = 243F313A1CAFFC040018EB62 /* libWeChatSDK.a */; };
		243F315F1CAFFC040018EB62 /* iOS-social-analytics-releasenote.html in Resources */ = {isa = PBXBuildFile; fileRef = 243F31401CAFFC040018EB62 /* iOS-social-analytics-releasenote.html */; };
		243F31601CAFFC040018EB62 /* iOS-social-releasenote.html in Resources */ = {isa = PBXBuildFile; fileRef = 243F31411CAFFC040018EB62 /* iOS-social-releasenote.html */; };
		243F31611CAFFC040018EB62 /* ios-social-sdk-comment-detail.html in Resources */ = {isa = PBXBuildFile; fileRef = 243F31421CAFFC040018EB62 /* ios-social-sdk-comment-detail.html */; };
		243F31621CAFFC040018EB62 /* ios-social-sdk-comment-quick.html in Resources */ = {isa = PBXBuildFile; fileRef = 243F31431CAFFC040018EB62 /* ios-social-sdk-comment-quick.html */; };
		243F31631CAFFC040018EB62 /* ios-social-sdk-like.html in Resources */ = {isa = PBXBuildFile; fileRef = 243F31441CAFFC040018EB62 /* ios-social-sdk-like.html */; };
		243F31641CAFFC040018EB62 /* ios-social-sdk-login-detail.html in Resources */ = {isa = PBXBuildFile; fileRef = 243F31451CAFFC040018EB62 /* ios-social-sdk-login-detail.html */; };
		243F31651CAFFC040018EB62 /* ios-social-sdk-login-quick.html in Resources */ = {isa = PBXBuildFile; fileRef = 243F31461CAFFC040018EB62 /* ios-social-sdk-login-quick.html */; };
		243F31661CAFFC040018EB62 /* ios-social-sdk-shake.html in Resources */ = {isa = PBXBuildFile; fileRef = 243F31471CAFFC040018EB62 /* ios-social-sdk-shake.html */; };
		243F31671CAFFC040018EB62 /* ios-social-sdk-share-detail.html in Resources */ = {isa = PBXBuildFile; fileRef = 243F31481CAFFC040018EB62 /* ios-social-sdk-share-detail.html */; };
		243F31681CAFFC040018EB62 /* ios-social-sdk-share-quick.html in Resources */ = {isa = PBXBuildFile; fileRef = 243F31491CAFFC040018EB62 /* ios-social-sdk-share-quick.html */; };
		243F31691CAFFC040018EB62 /* ios-social-sdk-socialbar.html in Resources */ = {isa = PBXBuildFile; fileRef = 243F314A1CAFFC040018EB62 /* ios-social-sdk-socialbar.html */; };
		243F316A1CAFFC040018EB62 /* markdown.css in Resources */ = {isa = PBXBuildFile; fileRef = 243F314B1CAFFC040018EB62 /* markdown.css */; };
		243F316C1CAFFD470018EB62 /* Security.framework in Frameworks */ = {isa = PBXBuildFile; fileRef = 243F316B1CAFFD470018EB62 /* Security.framework */; };
		243F316E1CAFFD820018EB62 /* libiconv.tbd in Frameworks */ = {isa = PBXBuildFile; fileRef = 243F316D1CAFFD820018EB62 /* libiconv.tbd */; };
		243F31701CAFFD900018EB62 /* SystemConfiguration.framework in Frameworks */ = {isa = PBXBuildFile; fileRef = 243F316F1CAFFD900018EB62 /* SystemConfiguration.framework */; };
		243F31721CAFFDA00018EB62 /* CoreGraphics.framework in Frameworks */ = {isa = PBXBuildFile; fileRef = 243F31711CAFFDA00018EB62 /* CoreGraphics.framework */; };
		243F31741CAFFDAE0018EB62 /* libsqlite3.tbd in Frameworks */ = {isa = PBXBuildFile; fileRef = 243F31731CAFFDAE0018EB62 /* libsqlite3.tbd */; };
		243F31761CAFFDBA0018EB62 /* CoreTelephony.framework in Frameworks */ = {isa = PBXBuildFile; fileRef = 243F31751CAFFDBA0018EB62 /* CoreTelephony.framework */; };
		243F31781CAFFDC70018EB62 /* libstdc++.tbd in Frameworks */ = {isa = PBXBuildFile; fileRef = 243F31771CAFFDC70018EB62 /* libstdc++.tbd */; };
		243F317A1CAFFDD30018EB62 /* libz.tbd in Frameworks */ = {isa = PBXBuildFile; fileRef = 243F31791CAFFDD30018EB62 /* libz.tbd */; };
		243F317C1CAFFED90018EB62 /* ImageIO.framework in Frameworks */ = {isa = PBXBuildFile; fileRef = 243F317B1CAFFED90018EB62 /* ImageIO.framework */; };
		245ED61F1CA2808100BE79E2 /* LevelViewController.m in Sources */ = {isa = PBXBuildFile; fileRef = 245ED61E1CA2808100BE79E2 /* LevelViewController.m */; };
		247F06CB1CAC135800262684 /* Networking.m in Sources */ = {isa = PBXBuildFile; fileRef = 247F06CA1CAC135800262684 /* Networking.m */; };
		247F06D51CAC13AF00262684 /* recordViewController.m in Sources */ = {isa = PBXBuildFile; fileRef = 247F06CE1CAC13AF00262684 /* recordViewController.m */; };
		247F06D61CAC13AF00262684 /* RecoredTableViewCell.m in Sources */ = {isa = PBXBuildFile; fileRef = 247F06D01CAC13AF00262684 /* RecoredTableViewCell.m */; };
		247F06D71CAC13AF00262684 /* UserViewController.m in Sources */ = {isa = PBXBuildFile; fileRef = 247F06D21CAC13AF00262684 /* UserViewController.m */; };
		247F06D81CAC13AF00262684 /* WrongQuestionViewController.m in Sources */ = {isa = PBXBuildFile; fileRef = 247F06D41CAC13AF00262684 /* WrongQuestionViewController.m */; };
		247F06DB1CAC140100262684 /* RecordDayViewController.m in Sources */ = {isa = PBXBuildFile; fileRef = 247F06DA1CAC140100262684 /* RecordDayViewController.m */; };
		247F06DE1CACC6E100262684 /* QuestionTableViewCell.m in Sources */ = {isa = PBXBuildFile; fileRef = 247F06DD1CACC6E100262684 /* QuestionTableViewCell.m */; };
		247F087D1CAD27D000262684 /* ModelView.m in Sources */ = {isa = PBXBuildFile; fileRef = 247F087C1CAD27D000262684 /* ModelView.m */; };
		24DD26331C9A8BF10007997A /* main.m in Sources */ = {isa = PBXBuildFile; fileRef = 24DD26321C9A8BF10007997A /* main.m */; };
		24DD26361C9A8BF10007997A /* AppDelegate.m in Sources */ = {isa = PBXBuildFile; fileRef = 24DD26351C9A8BF10007997A /* AppDelegate.m */; };
		24DD26391C9A8BF10007997A /* ViewController.m in Sources */ = {isa = PBXBuildFile; fileRef = 24DD26381C9A8BF10007997A /* ViewController.m */; };
		24DD263C1C9A8BF10007997A /* Main.storyboard in Resources */ = {isa = PBXBuildFile; fileRef = 24DD263A1C9A8BF10007997A /* Main.storyboard */; };
		24DD263E1C9A8BF10007997A /* Assets.xcassets in Resources */ = {isa = PBXBuildFile; fileRef = 24DD263D1C9A8BF10007997A /* Assets.xcassets */; };
		24DD26411C9A8BF10007997A /* LaunchScreen.storyboard in Resources */ = {isa = PBXBuildFile; fileRef = 24DD263F1C9A8BF10007997A /* LaunchScreen.storyboard */; };
		24DD26791C9AD4A50007997A /* BaseViewController.m in Sources */ = {isa = PBXBuildFile; fileRef = 24DD26781C9AD4A50007997A /* BaseViewController.m */; };
		24DD267C1C9AD98D0007997A /* HomeViewController.m in Sources */ = {isa = PBXBuildFile; fileRef = 24DD267B1C9AD98D0007997A /* HomeViewController.m */; };
		24E7A8021CA2968500A162FB /* 蔬菜.png in Resources */ = {isa = PBXBuildFile; fileRef = 24E7A8011CA2968500A162FB /* 蔬菜.png */; };
		24E7A8041CA2968D00A162FB /* 水果.png in Resources */ = {isa = PBXBuildFile; fileRef = 24E7A8031CA2968D00A162FB /* 水果.png */; };
		24E7A8061CA2969D00A162FB /* 运动.png in Resources */ = {isa = PBXBuildFile; fileRef = 24E7A8051CA2969D00A162FB /* 运动.png */; };
		24EF219B1CA9523900F1384B /* SimpleViewController.m in Sources */ = {isa = PBXBuildFile; fileRef = 24EF219A1CA9523900F1384B /* SimpleViewController.m */; };
		24EF219E1CA9525000F1384B /* MediumViewController.m in Sources */ = {isa = PBXBuildFile; fileRef = 24EF219D1CA9525000F1384B /* MediumViewController.m */; };
		24EF21A11CA9526600F1384B /* DifficultViewController.m in Sources */ = {isa = PBXBuildFile; fileRef = 24EF21A01CA9526600F1384B /* DifficultViewController.m */; };
		24EF220C1CAA617400F1384B /* 对.png in Resources */ = {isa = PBXBuildFile; fileRef = 24EF220B1CAA617400F1384B /* 对.png */; };
		24EF220E1CAA617C00F1384B /* 错.png in Resources */ = {isa = PBXBuildFile; fileRef = 24EF220D1CAA617C00F1384B /* 错.png */; };
		CEDAC0221CB2E5680092D5B5 /* CompleteView.m in Sources */ = {isa = PBXBuildFile; fileRef = CEDAC01D1CB2E5680092D5B5 /* CompleteView.m */; };
		CEDAC0231CB2E5680092D5B5 /* DifficultView.m in Sources */ = {isa = PBXBuildFile; fileRef = CEDAC01F1CB2E5680092D5B5 /* DifficultView.m */; };
		CEDAC0241CB2E5680092D5B5 /* MidiumView.m in Sources */ = {isa = PBXBuildFile; fileRef = CEDAC0211CB2E5680092D5B5 /* MidiumView.m */; };
		CEDAC0491CB2E6030092D5B5 /* 复杂模式背景.png in Resources */ = {isa = PBXBuildFile; fileRef = CEDAC0261CB2E6020092D5B5 /* 复杂模式背景.png */; };
		CEDAC04A1CB2E6030092D5B5 /* 提示2.png in Resources */ = {isa = PBXBuildFile; fileRef = CEDAC0271CB2E6020092D5B5 /* 提示2.png */; };
		CEDAC04B1CB2E6030092D5B5 /* 确定.png in Resources */ = {isa = PBXBuildFile; fileRef = CEDAC0281CB2E6020092D5B5 /* 确定.png */; };
		CEDAC04C1CB2E6030092D5B5 /* 下一题.png in Resources */ = {isa = PBXBuildFile; fileRef = CEDAC02A1CB2E6020092D5B5 /* 下一题.png */; };
		CEDAC04D1CB2E6030092D5B5 /* 提示.png in Resources */ = {isa = PBXBuildFile; fileRef = CEDAC02B1CB2E6020092D5B5 /* 提示.png */; };
		CEDAC04E1CB2E6030092D5B5 /* 查看正确答案.png in Resources */ = {isa = PBXBuildFile; fileRef = CEDAC02C1CB2E6020092D5B5 /* 查看正确答案.png */; };
		CEDAC04F1CB2E6030092D5B5 /* 简单模式背景.png in Resources */ = {isa = PBXBuildFile; fileRef = CEDAC02D1CB2E6020092D5B5 /* 简单模式背景.png */; };
		CEDAC0501CB2E6030092D5B5 /* 中等模式背景.png in Resources */ = {isa = PBXBuildFile; fileRef = CEDAC02F1CB2E6020092D5B5 /* 中等模式背景.png */; };
		CEDAC0511CB2E6030092D5B5 /* 提示1.png in Resources */ = {isa = PBXBuildFile; fileRef = CEDAC0301CB2E6020092D5B5 /* 提示1.png */; };
		CEDAC0521CB2E6030092D5B5 /* 个人tab.png in Resources */ = {isa = PBXBuildFile; fileRef = CEDAC0321CB2E6020092D5B5 /* 个人tab.png */; };
		CEDAC0531CB2E6030092D5B5 /* 个人tab点击.png in Resources */ = {isa = PBXBuildFile; fileRef = CEDAC0331CB2E6020092D5B5 /* 个人tab点击.png */; };
		CEDAC0541CB2E6030092D5B5 /* 主页tab.png in Resources */ = {isa = PBXBuildFile; fileRef = CEDAC0341CB2E6020092D5B5 /* 主页tab.png */; };
		CEDAC0551CB2E6030092D5B5 /* 主页tab点击.png in Resources */ = {isa = PBXBuildFile; fileRef = CEDAC0351CB2E6020092D5B5 /* 主页tab点击.png */; };
		CEDAC0571CB2E6030092D5B5 /* 棒.png in Resources */ = {isa = PBXBuildFile; fileRef = CEDAC0371CB2E6030092D5B5 /* 棒.png */; };
		CEDAC0581CB2E6030092D5B5 /* 背景.png in Resources */ = {isa = PBXBuildFile; fileRef = CEDAC0381CB2E6030092D5B5 /* 背景.png */; };
		CEDAC0591CB2E6030092D5B5 /* 错题重做.png in Resources */ = {isa = PBXBuildFile; fileRef = CEDAC0391CB2E6030092D5B5 /* 错题重做.png */; };
		CEDAC05A1CB2E6030092D5B5 /* 返回1.png in Resources */ = {isa = PBXBuildFile; fileRef = CEDAC03A1CB2E6030092D5B5 /* 返回1.png */; };
		CEDAC05B1CB2E6030092D5B5 /* 复杂模式1.png in Resources */ = {isa = PBXBuildFile; fileRef = CEDAC03B1CB2E6030092D5B5 /* 复杂模式1.png */; };
		CEDAC05C1CB2E6030092D5B5 /* 个人.png in Resources */ = {isa = PBXBuildFile; fileRef = CEDAC03C1CB2E6030092D5B5 /* 个人.png */; };
		CEDAC05D1CB2E6030092D5B5 /* 个人记录1.png in Resources */ = {isa = PBXBuildFile; fileRef = CEDAC03D1CB2E6030092D5B5 /* 个人记录1.png */; };
		CEDAC05E1CB2E6030092D5B5 /* 及格.png in Resources */ = {isa = PBXBuildFile; fileRef = CEDAC03E1CB2E6030092D5B5 /* 及格.png */; };
		CEDAC05F1CB2E6030092D5B5 /* 简单模式1.png in Resources */ = {isa = PBXBuildFile; fileRef = CEDAC03F1CB2E6030092D5B5 /* 简单模式1.png */; };
		CEDAC0601CB2E6030092D5B5 /* 开始答题.png in Resources */ = {isa = PBXBuildFile; fileRef = CEDAC0401CB2E6030092D5B5 /* 开始答题.png */; };
		CEDAC0611CB2E6030092D5B5 /* 首页底.png in Resources */ = {isa = PBXBuildFile; fileRef = CEDAC0411CB2E6030092D5B5 /* 首页底.png */; };
		CEDAC0621CB2E6030092D5B5 /* 完成并提交.png in Resources */ = {isa = PBXBuildFile; fileRef = CEDAC0421CB2E6030092D5B5 /* 完成并提交.png */; };
		CEDAC0631CB2E6030092D5B5 /* 未及格.png in Resources */ = {isa = PBXBuildFile; fileRef = CEDAC0431CB2E6030092D5B5 /* 未及格.png */; };
		CEDAC0641CB2E6030092D5B5 /* 星星.png in Resources */ = {isa = PBXBuildFile; fileRef = CEDAC0441CB2E6030092D5B5 /* 星星.png */; };
		CEDAC0651CB2E6030092D5B5 /* 选择背景.png in Resources */ = {isa = PBXBuildFile; fileRef = CEDAC0451CB2E6030092D5B5 /* 选择背景.png */; };
		CEDAC0661CB2E6030092D5B5 /* 优秀.png in Resources */ = {isa = PBXBuildFile; fileRef = CEDAC0461CB2E6030092D5B5 /* 优秀.png */; };
		CEDAC0671CB2E6030092D5B5 /* 中等模式1.png in Resources */ = {isa = PBXBuildFile; fileRef = CEDAC0471CB2E6030092D5B5 /* 中等模式1.png */; };
		CEDAC0681CB2E6030092D5B5 /* 重新答题.png in Resources */ = {isa = PBXBuildFile; fileRef = CEDAC0481CB2E6030092D5B5 /* 重新答题.png */; };
		CEDAC06A1CB2E63D0092D5B5 /* 动物.png in Resources */ = {isa = PBXBuildFile; fileRef = CEDAC0691CB2E63D0092D5B5 /* 动物.png */; };
		CEDAC06C1CB2E64A0092D5B5 /* 生活.png in Resources */ = {isa = PBXBuildFile; fileRef = CEDAC06B1CB2E64A0092D5B5 /* 生活.png */; };
		CEDAC06E1CB2EEA60092D5B5 /* 暂无数据.png in Resources */ = {isa = PBXBuildFile; fileRef = CEDAC06D1CB2EEA60092D5B5 /* 暂无数据.png */; };
		CEF23E2E1CB3480F006D1727 /* 1.png in Resources */ = {isa = PBXBuildFile; fileRef = CEF23E271CB3480F006D1727 /* 1.png */; };
		CEF23E2F1CB3480F006D1727 /* 2.png in Resources */ = {isa = PBXBuildFile; fileRef = CEF23E281CB3480F006D1727 /* 2.png */; };
		CEF23E301CB3480F006D1727 /* 3.png in Resources */ = {isa = PBXBuildFile; fileRef = CEF23E291CB3480F006D1727 /* 3.png */; };
		CEF23E311CB3480F006D1727 /* 4.png in Resources */ = {isa = PBXBuildFile; fileRef = CEF23E2A1CB3480F006D1727 /* 4.png */; };
		CEF23E321CB3480F006D1727 /* 5.png in Resources */ = {isa = PBXBuildFile; fileRef = CEF23E2B1CB3480F006D1727 /* 5.png */; };
		CEF23E331CB3480F006D1727 /* 6.png in Resources */ = {isa = PBXBuildFile; fileRef = CEF23E2C1CB3480F006D1727 /* 6.png */; };
		CEF23E341CB3480F006D1727 /* 7.png in Resources */ = {isa = PBXBuildFile; fileRef = CEF23E2D1CB3480F006D1727 /* 7.png */; };
		E185DBF820598A546BA4041B /* libPods-WordsAPP.a in Frameworks */ = {isa = PBXBuildFile; fileRef = E735C076B388FE593770211B /* libPods-WordsAPP.a */; };
/* End PBXBuildFile section */

/* Begin PBXFileReference section */
		243F310A1CAFFC040018EB62 /* en */ = {isa = PBXFileReference; lastKnownFileType = text.plist.strings; name = en; path = en.lproj/UMSocialLocalizable.strings; sourceTree = "<group>"; };
		243F310C1CAFFC040018EB62 /* UMSocial.h */ = {isa = PBXFileReference; fileEncoding = 4; lastKnownFileType = sourcecode.c.h; path = UMSocial.h; sourceTree = "<group>"; };
		243F310D1CAFFC040018EB62 /* UMSocialAccountManager.h */ = {isa = PBXFileReference; fileEncoding = 4; lastKnownFileType = sourcecode.c.h; path = UMSocialAccountManager.h; sourceTree = "<group>"; };
		243F310E1CAFFC040018EB62 /* UMSocialBar.h */ = {isa = PBXFileReference; fileEncoding = 4; lastKnownFileType = sourcecode.c.h; path = UMSocialBar.h; sourceTree = "<group>"; };
		243F310F1CAFFC040018EB62 /* UMSocialConfig.h */ = {isa = PBXFileReference; fileEncoding = 4; lastKnownFileType = sourcecode.c.h; path = UMSocialConfig.h; sourceTree = "<group>"; };
		243F31101CAFFC040018EB62 /* UMSocialControllerService.h */ = {isa = PBXFileReference; fileEncoding = 4; lastKnownFileType = sourcecode.c.h; path = UMSocialControllerService.h; sourceTree = "<group>"; };
		243F31111CAFFC040018EB62 /* UMSocialControllerServiceComment.h */ = {isa = PBXFileReference; fileEncoding = 4; lastKnownFileType = sourcecode.c.h; path = UMSocialControllerServiceComment.h; sourceTree = "<group>"; };
		243F31121CAFFC040018EB62 /* UMSocialData.h */ = {isa = PBXFileReference; fileEncoding = 4; lastKnownFileType = sourcecode.c.h; path = UMSocialData.h; sourceTree = "<group>"; };
		243F31131CAFFC040018EB62 /* UMSocialDataService.h */ = {isa = PBXFileReference; fileEncoding = 4; lastKnownFileType = sourcecode.c.h; path = UMSocialDataService.h; sourceTree = "<group>"; };
		243F31141CAFFC040018EB62 /* UMSocialSnsData.h */ = {isa = PBXFileReference; fileEncoding = 4; lastKnownFileType = sourcecode.c.h; path = UMSocialSnsData.h; sourceTree = "<group>"; };
		243F31151CAFFC040018EB62 /* UMSocialSnsPlatformManager.h */ = {isa = PBXFileReference; fileEncoding = 4; lastKnownFileType = sourcecode.c.h; path = UMSocialSnsPlatformManager.h; sourceTree = "<group>"; };
		243F31161CAFFC040018EB62 /* UMSocialSnsService.h */ = {isa = PBXFileReference; fileEncoding = 4; lastKnownFileType = sourcecode.c.h; path = UMSocialSnsService.h; sourceTree = "<group>"; };
		243F31171CAFFC040018EB62 /* libUMSocial_Sdk_5.0.1.a */ = {isa = PBXFileReference; lastKnownFileType = archive.ar; path = libUMSocial_Sdk_5.0.1.a; sourceTree = "<group>"; };
		243F31191CAFFC040018EB62 /* UMSCommentDetailController.xib */ = {isa = PBXFileReference; fileEncoding = 4; lastKnownFileType = file.xib; path = UMSCommentDetailController.xib; sourceTree = "<group>"; };
		243F311A1CAFFC040018EB62 /* UMSCommentInputController.xib */ = {isa = PBXFileReference; fileEncoding = 4; lastKnownFileType = file.xib; path = UMSCommentInputController.xib; sourceTree = "<group>"; };
		243F311B1CAFFC040018EB62 /* UMSCommentInputControlleriPad.xib */ = {isa = PBXFileReference; fileEncoding = 4; lastKnownFileType = file.xib; path = UMSCommentInputControlleriPad.xib; sourceTree = "<group>"; };
		243F311C1CAFFC040018EB62 /* UMShareEditViewController.xib */ = {isa = PBXFileReference; fileEncoding = 4; lastKnownFileType = file.xib; path = UMShareEditViewController.xib; sourceTree = "<group>"; };
		243F311D1CAFFC040018EB62 /* UMShareEditViewControlleriPad.xib */ = {isa = PBXFileReference; fileEncoding = 4; lastKnownFileType = file.xib; path = UMShareEditViewControlleriPad.xib; sourceTree = "<group>"; };
		243F311E1CAFFC040018EB62 /* UMSLoginViewController.xib */ = {isa = PBXFileReference; fileEncoding = 4; lastKnownFileType = file.xib; path = UMSLoginViewController.xib; sourceTree = "<group>"; };
		243F311F1CAFFC040018EB62 /* UMSnsAccountViewController.xib */ = {isa = PBXFileReference; fileEncoding = 4; lastKnownFileType = file.xib; path = UMSnsAccountViewController.xib; sourceTree = "<group>"; };
		243F31201CAFFC040018EB62 /* UMSShareListController.xib */ = {isa = PBXFileReference; fileEncoding = 4; lastKnownFileType = file.xib; path = UMSShareListController.xib; sourceTree = "<group>"; };
		243F31211CAFFC040018EB62 /* UMSocialSDKResourcesNew.bundle */ = {isa = PBXFileReference; lastKnownFileType = "wrapper.plug-in"; path = UMSocialSDKResourcesNew.bundle; sourceTree = "<group>"; };
		243F31221CAFFC040018EB62 /* zh-Hans */ = {isa = PBXFileReference; lastKnownFileType = text.plist.strings; name = "zh-Hans"; path = "zh-Hans.lproj/UMSocialLocalizable.strings"; sourceTree = "<group>"; };
		243F31251CAFFC040018EB62 /* libSocialSinaSSO.a */ = {isa = PBXFileReference; lastKnownFileType = archive.ar; path = libSocialSinaSSO.a; sourceTree = "<group>"; };
		243F31261CAFFC040018EB62 /* libWeiboSDK.a */ = {isa = PBXFileReference; lastKnownFileType = archive.ar; path = libWeiboSDK.a; sourceTree = "<group>"; };
		243F31271CAFFC040018EB62 /* UMSocialSinaSSOHandler.h */ = {isa = PBXFileReference; fileEncoding = 4; lastKnownFileType = sourcecode.c.h; path = UMSocialSinaSSOHandler.h; sourceTree = "<group>"; };
		243F31281CAFFC040018EB62 /* WBHttpRequest+WeiboGame.h */ = {isa = PBXFileReference; fileEncoding = 4; lastKnownFileType = sourcecode.c.h; path = "WBHttpRequest+WeiboGame.h"; sourceTree = "<group>"; };
		243F31291CAFFC040018EB62 /* WBHttpRequest+WeiboShare.h */ = {isa = PBXFileReference; fileEncoding = 4; lastKnownFileType = sourcecode.c.h; path = "WBHttpRequest+WeiboShare.h"; sourceTree = "<group>"; };
		243F312A1CAFFC040018EB62 /* WBHttpRequest+WeiboToken.h */ = {isa = PBXFileReference; fileEncoding = 4; lastKnownFileType = sourcecode.c.h; path = "WBHttpRequest+WeiboToken.h"; sourceTree = "<group>"; };
		243F312B1CAFFC040018EB62 /* WBHttpRequest+WeiboUser.h */ = {isa = PBXFileReference; fileEncoding = 4; lastKnownFileType = sourcecode.c.h; path = "WBHttpRequest+WeiboUser.h"; sourceTree = "<group>"; };
		243F312C1CAFFC040018EB62 /* WBHttpRequest.h */ = {isa = PBXFileReference; fileEncoding = 4; lastKnownFileType = sourcecode.c.h; path = WBHttpRequest.h; sourceTree = "<group>"; };
		243F312D1CAFFC040018EB62 /* WBSDKBasicButton.h */ = {isa = PBXFileReference; fileEncoding = 4; lastKnownFileType = sourcecode.c.h; path = WBSDKBasicButton.h; sourceTree = "<group>"; };
		243F312E1CAFFC040018EB62 /* WBSDKCommentButton.h */ = {isa = PBXFileReference; fileEncoding = 4; lastKnownFileType = sourcecode.c.h; path = WBSDKCommentButton.h; sourceTree = "<group>"; };
		243F312F1CAFFC040018EB62 /* WBSDKRelationshipButton.h */ = {isa = PBXFileReference; fileEncoding = 4; lastKnownFileType = sourcecode.c.h; path = WBSDKRelationshipButton.h; sourceTree = "<group>"; };
		243F31301CAFFC040018EB62 /* WeiboSDK.bundle */ = {isa = PBXFileReference; lastKnownFileType = "wrapper.plug-in"; path = WeiboSDK.bundle; sourceTree = "<group>"; };
		243F31311CAFFC040018EB62 /* WeiboSDK.h */ = {isa = PBXFileReference; fileEncoding = 4; lastKnownFileType = sourcecode.c.h; path = WeiboSDK.h; sourceTree = "<group>"; };
		243F31321CAFFC040018EB62 /* WeiboUser.h */ = {isa = PBXFileReference; fileEncoding = 4; lastKnownFileType = sourcecode.c.h; path = WeiboUser.h; sourceTree = "<group>"; };
		243F31341CAFFC040018EB62 /* libSocialQQ.a */ = {isa = PBXFileReference; lastKnownFileType = archive.ar; path = libSocialQQ.a; sourceTree = "<group>"; };
		243F31351CAFFC040018EB62 /* TencentOpenAPI.framework */ = {isa = PBXFileReference; lastKnownFileType = wrapper.framework; path = TencentOpenAPI.framework; sourceTree = "<group>"; };
		243F31361CAFFC040018EB62 /* TencentOpenApi_IOS_Bundle.bundle */ = {isa = PBXFileReference; lastKnownFileType = "wrapper.plug-in"; path = TencentOpenApi_IOS_Bundle.bundle; sourceTree = "<group>"; };
		243F31371CAFFC040018EB62 /* UMSocialQQHandler.h */ = {isa = PBXFileReference; fileEncoding = 4; lastKnownFileType = sourcecode.c.h; path = UMSocialQQHandler.h; sourceTree = "<group>"; };
		243F31391CAFFC040018EB62 /* libSocialWechat.a */ = {isa = PBXFileReference; lastKnownFileType = archive.ar; path = libSocialWechat.a; sourceTree = "<group>"; };
		243F313A1CAFFC040018EB62 /* libWeChatSDK.a */ = {isa = PBXFileReference; lastKnownFileType = archive.ar; path = libWeChatSDK.a; sourceTree = "<group>"; };
		243F313B1CAFFC040018EB62 /* UMSocialWechatHandler.h */ = {isa = PBXFileReference; fileEncoding = 4; lastKnownFileType = sourcecode.c.h; path = UMSocialWechatHandler.h; sourceTree = "<group>"; };
		243F313C1CAFFC040018EB62 /* WechatAuthSDK.h */ = {isa = PBXFileReference; fileEncoding = 4; lastKnownFileType = sourcecode.c.h; path = WechatAuthSDK.h; sourceTree = "<group>"; };
		243F313D1CAFFC040018EB62 /* WXApi.h */ = {isa = PBXFileReference; fileEncoding = 4; lastKnownFileType = sourcecode.c.h; path = WXApi.h; sourceTree = "<group>"; };
		243F313E1CAFFC040018EB62 /* WXApiObject.h */ = {isa = PBXFileReference; fileEncoding = 4; lastKnownFileType = sourcecode.c.h; path = WXApiObject.h; sourceTree = "<group>"; };
		243F31401CAFFC040018EB62 /* iOS-social-analytics-releasenote.html */ = {isa = PBXFileReference; fileEncoding = 4; lastKnownFileType = text.html; path = "iOS-social-analytics-releasenote.html"; sourceTree = "<group>"; };
		243F31411CAFFC040018EB62 /* iOS-social-releasenote.html */ = {isa = PBXFileReference; fileEncoding = 4; lastKnownFileType = text.html; path = "iOS-social-releasenote.html"; sourceTree = "<group>"; };
		243F31421CAFFC040018EB62 /* ios-social-sdk-comment-detail.html */ = {isa = PBXFileReference; fileEncoding = 4; lastKnownFileType = text.html; path = "ios-social-sdk-comment-detail.html"; sourceTree = "<group>"; };
		243F31431CAFFC040018EB62 /* ios-social-sdk-comment-quick.html */ = {isa = PBXFileReference; fileEncoding = 4; lastKnownFileType = text.html; path = "ios-social-sdk-comment-quick.html"; sourceTree = "<group>"; };
		243F31441CAFFC040018EB62 /* ios-social-sdk-like.html */ = {isa = PBXFileReference; fileEncoding = 4; lastKnownFileType = text.html; path = "ios-social-sdk-like.html"; sourceTree = "<group>"; };
		243F31451CAFFC040018EB62 /* ios-social-sdk-login-detail.html */ = {isa = PBXFileReference; fileEncoding = 4; lastKnownFileType = text.html; path = "ios-social-sdk-login-detail.html"; sourceTree = "<group>"; };
		243F31461CAFFC040018EB62 /* ios-social-sdk-login-quick.html */ = {isa = PBXFileReference; fileEncoding = 4; lastKnownFileType = text.html; path = "ios-social-sdk-login-quick.html"; sourceTree = "<group>"; };
		243F31471CAFFC040018EB62 /* ios-social-sdk-shake.html */ = {isa = PBXFileReference; fileEncoding = 4; lastKnownFileType = text.html; path = "ios-social-sdk-shake.html"; sourceTree = "<group>"; };
		243F31481CAFFC040018EB62 /* ios-social-sdk-share-detail.html */ = {isa = PBXFileReference; fileEncoding = 4; lastKnownFileType = text.html; path = "ios-social-sdk-share-detail.html"; sourceTree = "<group>"; };
		243F31491CAFFC040018EB62 /* ios-social-sdk-share-quick.html */ = {isa = PBXFileReference; fileEncoding = 4; lastKnownFileType = text.html; path = "ios-social-sdk-share-quick.html"; sourceTree = "<group>"; };
		243F314A1CAFFC040018EB62 /* ios-social-sdk-socialbar.html */ = {isa = PBXFileReference; fileEncoding = 4; lastKnownFileType = text.html; path = "ios-social-sdk-socialbar.html"; sourceTree = "<group>"; };
		243F314B1CAFFC040018EB62 /* markdown.css */ = {isa = PBXFileReference; fileEncoding = 4; lastKnownFileType = text.css; path = markdown.css; sourceTree = "<group>"; };
		243F316B1CAFFD470018EB62 /* Security.framework */ = {isa = PBXFileReference; lastKnownFileType = wrapper.framework; name = Security.framework; path = System/Library/Frameworks/Security.framework; sourceTree = SDKROOT; };
		243F316D1CAFFD820018EB62 /* libiconv.tbd */ = {isa = PBXFileReference; lastKnownFileType = "sourcecode.text-based-dylib-definition"; name = libiconv.tbd; path = usr/lib/libiconv.tbd; sourceTree = SDKROOT; };
		243F316F1CAFFD900018EB62 /* SystemConfiguration.framework */ = {isa = PBXFileReference; lastKnownFileType = wrapper.framework; name = SystemConfiguration.framework; path = System/Library/Frameworks/SystemConfiguration.framework; sourceTree = SDKROOT; };
		243F31711CAFFDA00018EB62 /* CoreGraphics.framework */ = {isa = PBXFileReference; lastKnownFileType = wrapper.framework; name = CoreGraphics.framework; path = System/Library/Frameworks/CoreGraphics.framework; sourceTree = SDKROOT; };
		243F31731CAFFDAE0018EB62 /* libsqlite3.tbd */ = {isa = PBXFileReference; lastKnownFileType = "sourcecode.text-based-dylib-definition"; name = libsqlite3.tbd; path = usr/lib/libsqlite3.tbd; sourceTree = SDKROOT; };
		243F31751CAFFDBA0018EB62 /* CoreTelephony.framework */ = {isa = PBXFileReference; lastKnownFileType = wrapper.framework; name = CoreTelephony.framework; path = System/Library/Frameworks/CoreTelephony.framework; sourceTree = SDKROOT; };
		243F31771CAFFDC70018EB62 /* libstdc++.tbd */ = {isa = PBXFileReference; lastKnownFileType = "sourcecode.text-based-dylib-definition"; name = "libstdc++.tbd"; path = "usr/lib/libstdc++.tbd"; sourceTree = SDKROOT; };
		243F31791CAFFDD30018EB62 /* libz.tbd */ = {isa = PBXFileReference; lastKnownFileType = "sourcecode.text-based-dylib-definition"; name = libz.tbd; path = usr/lib/libz.tbd; sourceTree = SDKROOT; };
		243F317B1CAFFED90018EB62 /* ImageIO.framework */ = {isa = PBXFileReference; lastKnownFileType = wrapper.framework; name = ImageIO.framework; path = System/Library/Frameworks/ImageIO.framework; sourceTree = SDKROOT; };
		245ED61D1CA2808100BE79E2 /* LevelViewController.h */ = {isa = PBXFileReference; fileEncoding = 4; lastKnownFileType = sourcecode.c.h; path = LevelViewController.h; sourceTree = "<group>"; };
		245ED61E1CA2808100BE79E2 /* LevelViewController.m */ = {isa = PBXFileReference; fileEncoding = 4; lastKnownFileType = sourcecode.c.objc; path = LevelViewController.m; sourceTree = "<group>"; };
		247F06C91CAC135800262684 /* Networking.h */ = {isa = PBXFileReference; fileEncoding = 4; lastKnownFileType = sourcecode.c.h; path = Networking.h; sourceTree = "<group>"; };
		247F06CA1CAC135800262684 /* Networking.m */ = {isa = PBXFileReference; fileEncoding = 4; lastKnownFileType = sourcecode.c.objc; path = Networking.m; sourceTree = "<group>"; };
		247F06CD1CAC13AF00262684 /* recordViewController.h */ = {isa = PBXFileReference; fileEncoding = 4; lastKnownFileType = sourcecode.c.h; path = recordViewController.h; sourceTree = "<group>"; };
		247F06CE1CAC13AF00262684 /* recordViewController.m */ = {isa = PBXFileReference; fileEncoding = 4; lastKnownFileType = sourcecode.c.objc; path = recordViewController.m; sourceTree = "<group>"; };
		247F06CF1CAC13AF00262684 /* RecoredTableViewCell.h */ = {isa = PBXFileReference; fileEncoding = 4; lastKnownFileType = sourcecode.c.h; path = RecoredTableViewCell.h; sourceTree = "<group>"; };
		247F06D01CAC13AF00262684 /* RecoredTableViewCell.m */ = {isa = PBXFileReference; fileEncoding = 4; lastKnownFileType = sourcecode.c.objc; path = RecoredTableViewCell.m; sourceTree = "<group>"; };
		247F06D11CAC13AF00262684 /* UserViewController.h */ = {isa = PBXFileReference; fileEncoding = 4; lastKnownFileType = sourcecode.c.h; path = UserViewController.h; sourceTree = "<group>"; };
		247F06D21CAC13AF00262684 /* UserViewController.m */ = {isa = PBXFileReference; fileEncoding = 4; lastKnownFileType = sourcecode.c.objc; path = UserViewController.m; sourceTree = "<group>"; };
		247F06D31CAC13AF00262684 /* WrongQuestionViewController.h */ = {isa = PBXFileReference; fileEncoding = 4; lastKnownFileType = sourcecode.c.h; path = WrongQuestionViewController.h; sourceTree = "<group>"; };
		247F06D41CAC13AF00262684 /* WrongQuestionViewController.m */ = {isa = PBXFileReference; fileEncoding = 4; lastKnownFileType = sourcecode.c.objc; path = WrongQuestionViewController.m; sourceTree = "<group>"; };
		247F06D91CAC140100262684 /* RecordDayViewController.h */ = {isa = PBXFileReference; fileEncoding = 4; lastKnownFileType = sourcecode.c.h; path = RecordDayViewController.h; sourceTree = "<group>"; };
		247F06DA1CAC140100262684 /* RecordDayViewController.m */ = {isa = PBXFileReference; fileEncoding = 4; lastKnownFileType = sourcecode.c.objc; path = RecordDayViewController.m; sourceTree = "<group>"; };
		247F06DC1CACC6E100262684 /* QuestionTableViewCell.h */ = {isa = PBXFileReference; fileEncoding = 4; lastKnownFileType = sourcecode.c.h; path = QuestionTableViewCell.h; sourceTree = "<group>"; };
		247F06DD1CACC6E100262684 /* QuestionTableViewCell.m */ = {isa = PBXFileReference; fileEncoding = 4; lastKnownFileType = sourcecode.c.objc; path = QuestionTableViewCell.m; sourceTree = "<group>"; };
		247F087B1CAD27D000262684 /* ModelView.h */ = {isa = PBXFileReference; fileEncoding = 4; lastKnownFileType = sourcecode.c.h; path = ModelView.h; sourceTree = "<group>"; };
		247F087C1CAD27D000262684 /* ModelView.m */ = {isa = PBXFileReference; fileEncoding = 4; lastKnownFileType = sourcecode.c.objc; path = ModelView.m; sourceTree = "<group>"; };
		24DD262E1C9A8BF10007997A /* WordsAPP.app */ = {isa = PBXFileReference; explicitFileType = wrapper.application; includeInIndex = 0; path = WordsAPP.app; sourceTree = BUILT_PRODUCTS_DIR; };
		24DD26321C9A8BF10007997A /* main.m */ = {isa = PBXFileReference; lastKnownFileType = sourcecode.c.objc; path = main.m; sourceTree = "<group>"; };
		24DD26341C9A8BF10007997A /* AppDelegate.h */ = {isa = PBXFileReference; lastKnownFileType = sourcecode.c.h; path = AppDelegate.h; sourceTree = "<group>"; };
		24DD26351C9A8BF10007997A /* AppDelegate.m */ = {isa = PBXFileReference; lastKnownFileType = sourcecode.c.objc; path = AppDelegate.m; sourceTree = "<group>"; };
		24DD26371C9A8BF10007997A /* ViewController.h */ = {isa = PBXFileReference; lastKnownFileType = sourcecode.c.h; path = ViewController.h; sourceTree = "<group>"; };
		24DD26381C9A8BF10007997A /* ViewController.m */ = {isa = PBXFileReference; lastKnownFileType = sourcecode.c.objc; path = ViewController.m; sourceTree = "<group>"; };
		24DD263B1C9A8BF10007997A /* Base */ = {isa = PBXFileReference; lastKnownFileType = file.storyboard; name = Base; path = Base.lproj/Main.storyboard; sourceTree = "<group>"; };
		24DD263D1C9A8BF10007997A /* Assets.xcassets */ = {isa = PBXFileReference; lastKnownFileType = folder.assetcatalog; path = Assets.xcassets; sourceTree = "<group>"; };
		24DD26401C9A8BF10007997A /* Base */ = {isa = PBXFileReference; lastKnownFileType = file.storyboard; name = Base; path = Base.lproj/LaunchScreen.storyboard; sourceTree = "<group>"; };
		24DD26421C9A8BF10007997A /* Info.plist */ = {isa = PBXFileReference; lastKnownFileType = text.plist.xml; path = Info.plist; sourceTree = "<group>"; };
		24DD26771C9AD4A50007997A /* BaseViewController.h */ = {isa = PBXFileReference; fileEncoding = 4; lastKnownFileType = sourcecode.c.h; path = BaseViewController.h; sourceTree = "<group>"; };
		24DD26781C9AD4A50007997A /* BaseViewController.m */ = {isa = PBXFileReference; fileEncoding = 4; lastKnownFileType = sourcecode.c.objc; path = BaseViewController.m; sourceTree = "<group>"; };
		24DD267A1C9AD98D0007997A /* HomeViewController.h */ = {isa = PBXFileReference; fileEncoding = 4; lastKnownFileType = sourcecode.c.h; path = HomeViewController.h; sourceTree = "<group>"; };
		24DD267B1C9AD98D0007997A /* HomeViewController.m */ = {isa = PBXFileReference; fileEncoding = 4; lastKnownFileType = sourcecode.c.objc; path = HomeViewController.m; sourceTree = "<group>"; };
		24E7A8011CA2968500A162FB /* 蔬菜.png */ = {isa = PBXFileReference; lastKnownFileType = image.png; path = "蔬菜.png"; sourceTree = "<group>"; };
		24E7A8031CA2968D00A162FB /* 水果.png */ = {isa = PBXFileReference; lastKnownFileType = image.png; path = "水果.png"; sourceTree = "<group>"; };
		24E7A8051CA2969D00A162FB /* 运动.png */ = {isa = PBXFileReference; lastKnownFileType = image.png; path = "运动.png"; sourceTree = "<group>"; };
		24EF21991CA9523900F1384B /* SimpleViewController.h */ = {isa = PBXFileReference; fileEncoding = 4; lastKnownFileType = sourcecode.c.h; path = SimpleViewController.h; sourceTree = "<group>"; };
		24EF219A1CA9523900F1384B /* SimpleViewController.m */ = {isa = PBXFileReference; fileEncoding = 4; lastKnownFileType = sourcecode.c.objc; path = SimpleViewController.m; sourceTree = "<group>"; };
		24EF219C1CA9525000F1384B /* MediumViewController.h */ = {isa = PBXFileReference; fileEncoding = 4; lastKnownFileType = sourcecode.c.h; path = MediumViewController.h; sourceTree = "<group>"; };
		24EF219D1CA9525000F1384B /* MediumViewController.m */ = {isa = PBXFileReference; fileEncoding = 4; lastKnownFileType = sourcecode.c.objc; path = MediumViewController.m; sourceTree = "<group>"; };
		24EF219F1CA9526600F1384B /* DifficultViewController.h */ = {isa = PBXFileReference; fileEncoding = 4; lastKnownFileType = sourcecode.c.h; path = DifficultViewController.h; sourceTree = "<group>"; };
		24EF21A01CA9526600F1384B /* DifficultViewController.m */ = {isa = PBXFileReference; fileEncoding = 4; lastKnownFileType = sourcecode.c.objc; path = DifficultViewController.m; sourceTree = "<group>"; };
		24EF220B1CAA617400F1384B /* 对.png */ = {isa = PBXFileReference; lastKnownFileType = image.png; path = "对.png"; sourceTree = "<group>"; };
		24EF220D1CAA617C00F1384B /* 错.png */ = {isa = PBXFileReference; lastKnownFileType = image.png; path = "错.png"; sourceTree = "<group>"; };
		4AF5D6E0618807C84787B264 /* Pods-WordsAPP.debug.xcconfig */ = {isa = PBXFileReference; includeInIndex = 1; lastKnownFileType = text.xcconfig; name = "Pods-WordsAPP.debug.xcconfig"; path = "Pods/Target Support Files/Pods-WordsAPP/Pods-WordsAPP.debug.xcconfig"; sourceTree = "<group>"; };
		C398090B36CA83F682595D72 /* Pods-WordsAPP.release.xcconfig */ = {isa = PBXFileReference; includeInIndex = 1; lastKnownFileType = text.xcconfig; name = "Pods-WordsAPP.release.xcconfig"; path = "Pods/Target Support Files/Pods-WordsAPP/Pods-WordsAPP.release.xcconfig"; sourceTree = "<group>"; };
		CEDAC01C1CB2E5680092D5B5 /* CompleteView.h */ = {isa = PBXFileReference; fileEncoding = 4; lastKnownFileType = sourcecode.c.h; path = CompleteView.h; sourceTree = "<group>"; };
		CEDAC01D1CB2E5680092D5B5 /* CompleteView.m */ = {isa = PBXFileReference; fileEncoding = 4; lastKnownFileType = sourcecode.c.objc; path = CompleteView.m; sourceTree = "<group>"; };
		CEDAC01E1CB2E5680092D5B5 /* DifficultView.h */ = {isa = PBXFileReference; fileEncoding = 4; lastKnownFileType = sourcecode.c.h; path = DifficultView.h; sourceTree = "<group>"; };
		CEDAC01F1CB2E5680092D5B5 /* DifficultView.m */ = {isa = PBXFileReference; fileEncoding = 4; lastKnownFileType = sourcecode.c.objc; path = DifficultView.m; sourceTree = "<group>"; };
		CEDAC0201CB2E5680092D5B5 /* MidiumView.h */ = {isa = PBXFileReference; fileEncoding = 4; lastKnownFileType = sourcecode.c.h; path = MidiumView.h; sourceTree = "<group>"; };
		CEDAC0211CB2E5680092D5B5 /* MidiumView.m */ = {isa = PBXFileReference; fileEncoding = 4; lastKnownFileType = sourcecode.c.objc; path = MidiumView.m; sourceTree = "<group>"; };
		CEDAC0261CB2E6020092D5B5 /* 复杂模式背景.png */ = {isa = PBXFileReference; lastKnownFileType = image.png; path = "复杂模式背景.png"; sourceTree = "<group>"; };
		CEDAC0271CB2E6020092D5B5 /* 提示2.png */ = {isa = PBXFileReference; lastKnownFileType = image.png; path = "提示2.png"; sourceTree = "<group>"; };
		CEDAC0281CB2E6020092D5B5 /* 确定.png */ = {isa = PBXFileReference; lastKnownFileType = image.png; path = "确定.png"; sourceTree = "<group>"; };
		CEDAC02A1CB2E6020092D5B5 /* 下一题.png */ = {isa = PBXFileReference; lastKnownFileType = image.png; path = "下一题.png"; sourceTree = "<group>"; };
		CEDAC02B1CB2E6020092D5B5 /* 提示.png */ = {isa = PBXFileReference; lastKnownFileType = image.png; path = "提示.png"; sourceTree = "<group>"; };
		CEDAC02C1CB2E6020092D5B5 /* 查看正确答案.png */ = {isa = PBXFileReference; lastKnownFileType = image.png; path = "查看正确答案.png"; sourceTree = "<group>"; };
		CEDAC02D1CB2E6020092D5B5 /* 简单模式背景.png */ = {isa = PBXFileReference; lastKnownFileType = image.png; path = "简单模式背景.png"; sourceTree = "<group>"; };
		CEDAC02F1CB2E6020092D5B5 /* 中等模式背景.png */ = {isa = PBXFileReference; lastKnownFileType = image.png; path = "中等模式背景.png"; sourceTree = "<group>"; };
		CEDAC0301CB2E6020092D5B5 /* 提示1.png */ = {isa = PBXFileReference; lastKnownFileType = image.png; path = "提示1.png"; sourceTree = "<group>"; };
		CEDAC0321CB2E6020092D5B5 /* 个人tab.png */ = {isa = PBXFileReference; lastKnownFileType = image.png; path = "个人tab.png"; sourceTree = "<group>"; };
		CEDAC0331CB2E6020092D5B5 /* 个人tab点击.png */ = {isa = PBXFileReference; lastKnownFileType = image.png; path = "个人tab点击.png"; sourceTree = "<group>"; };
		CEDAC0341CB2E6020092D5B5 /* 主页tab.png */ = {isa = PBXFileReference; lastKnownFileType = image.png; path = "主页tab.png"; sourceTree = "<group>"; };
		CEDAC0351CB2E6020092D5B5 /* 主页tab点击.png */ = {isa = PBXFileReference; lastKnownFileType = image.png; path = "主页tab点击.png"; sourceTree = "<group>"; };
		CEDAC0371CB2E6030092D5B5 /* 棒.png */ = {isa = PBXFileReference; lastKnownFileType = image.png; path = "棒.png"; sourceTree = "<group>"; };
		CEDAC0381CB2E6030092D5B5 /* 背景.png */ = {isa = PBXFileReference; lastKnownFileType = image.png; path = "背景.png"; sourceTree = "<group>"; };
		CEDAC0391CB2E6030092D5B5 /* 错题重做.png */ = {isa = PBXFileReference; lastKnownFileType = image.png; path = "错题重做.png"; sourceTree = "<group>"; };
		CEDAC03A1CB2E6030092D5B5 /* 返回1.png */ = {isa = PBXFileReference; lastKnownFileType = image.png; path = "返回1.png"; sourceTree = "<group>"; };
		CEDAC03B1CB2E6030092D5B5 /* 复杂模式1.png */ = {isa = PBXFileReference; lastKnownFileType = image.png; path = "复杂模式1.png"; sourceTree = "<group>"; };
		CEDAC03C1CB2E6030092D5B5 /* 个人.png */ = {isa = PBXFileReference; lastKnownFileType = image.png; path = "个人.png"; sourceTree = "<group>"; };
		CEDAC03D1CB2E6030092D5B5 /* 个人记录1.png */ = {isa = PBXFileReference; lastKnownFileType = image.png; path = "个人记录1.png"; sourceTree = "<group>"; };
		CEDAC03E1CB2E6030092D5B5 /* 及格.png */ = {isa = PBXFileReference; lastKnownFileType = image.png; path = "及格.png"; sourceTree = "<group>"; };
		CEDAC03F1CB2E6030092D5B5 /* 简单模式1.png */ = {isa = PBXFileReference; lastKnownFileType = image.png; path = "简单模式1.png"; sourceTree = "<group>"; };
		CEDAC0401CB2E6030092D5B5 /* 开始答题.png */ = {isa = PBXFileReference; lastKnownFileType = image.png; path = "开始答题.png"; sourceTree = "<group>"; };
		CEDAC0411CB2E6030092D5B5 /* 首页底.png */ = {isa = PBXFileReference; lastKnownFileType = image.png; path = "首页底.png"; sourceTree = "<group>"; };
		CEDAC0421CB2E6030092D5B5 /* 完成并提交.png */ = {isa = PBXFileReference; lastKnownFileType = image.png; path = "完成并提交.png"; sourceTree = "<group>"; };
		CEDAC0431CB2E6030092D5B5 /* 未及格.png */ = {isa = PBXFileReference; lastKnownFileType = image.png; path = "未及格.png"; sourceTree = "<group>"; };
		CEDAC0441CB2E6030092D5B5 /* 星星.png */ = {isa = PBXFileReference; lastKnownFileType = image.png; path = "星星.png"; sourceTree = "<group>"; };
		CEDAC0451CB2E6030092D5B5 /* 选择背景.png */ = {isa = PBXFileReference; lastKnownFileType = image.png; path = "选择背景.png"; sourceTree = "<group>"; };
		CEDAC0461CB2E6030092D5B5 /* 优秀.png */ = {isa = PBXFileReference; lastKnownFileType = image.png; path = "优秀.png"; sourceTree = "<group>"; };
		CEDAC0471CB2E6030092D5B5 /* 中等模式1.png */ = {isa = PBXFileReference; lastKnownFileType = image.png; path = "中等模式1.png"; sourceTree = "<group>"; };
		CEDAC0481CB2E6030092D5B5 /* 重新答题.png */ = {isa = PBXFileReference; lastKnownFileType = image.png; path = "重新答题.png"; sourceTree = "<group>"; };
		CEDAC0691CB2E63D0092D5B5 /* 动物.png */ = {isa = PBXFileReference; lastKnownFileType = image.png; path = "动物.png"; sourceTree = "<group>"; };
		CEDAC06B1CB2E64A0092D5B5 /* 生活.png */ = {isa = PBXFileReference; lastKnownFileType = image.png; path = "生活.png"; sourceTree = "<group>"; };
		CEDAC06D1CB2EEA60092D5B5 /* 暂无数据.png */ = {isa = PBXFileReference; lastKnownFileType = image.png; path = "暂无数据.png"; sourceTree = "<group>"; };
		CEF23E271CB3480F006D1727 /* 1.png */ = {isa = PBXFileReference; lastKnownFileType = image.png; path = 1.png; sourceTree = "<group>"; };
		CEF23E281CB3480F006D1727 /* 2.png */ = {isa = PBXFileReference; lastKnownFileType = image.png; path = 2.png; sourceTree = "<group>"; };
		CEF23E291CB3480F006D1727 /* 3.png */ = {isa = PBXFileReference; lastKnownFileType = image.png; path = 3.png; sourceTree = "<group>"; };
		CEF23E2A1CB3480F006D1727 /* 4.png */ = {isa = PBXFileReference; lastKnownFileType = image.png; path = 4.png; sourceTree = "<group>"; };
		CEF23E2B1CB3480F006D1727 /* 5.png */ = {isa = PBXFileReference; lastKnownFileType = image.png; path = 5.png; sourceTree = "<group>"; };
		CEF23E2C1CB3480F006D1727 /* 6.png */ = {isa = PBXFileReference; lastKnownFileType = image.png; path = 6.png; sourceTree = "<group>"; };
		CEF23E2D1CB3480F006D1727 /* 7.png */ = {isa = PBXFileReference; lastKnownFileType = image.png; path = 7.png; sourceTree = "<group>"; };
		E735C076B388FE593770211B /* libPods-WordsAPP.a */ = {isa = PBXFileReference; explicitFileType = archive.ar; includeInIndex = 0; path = "libPods-WordsAPP.a"; sourceTree = BUILT_PRODUCTS_DIR; };
/* End PBXFileReference section */

/* Begin PBXFrameworksBuildPhase section */
		24DD262B1C9A8BF10007997A /* Frameworks */ = {
			isa = PBXFrameworksBuildPhase;
			buildActionMask = 2147483647;
			files = (
				243F317C1CAFFED90018EB62 /* ImageIO.framework in Frameworks */,
				243F317A1CAFFDD30018EB62 /* libz.tbd in Frameworks */,
				243F31781CAFFDC70018EB62 /* libstdc++.tbd in Frameworks */,
				243F31761CAFFDBA0018EB62 /* CoreTelephony.framework in Frameworks */,
				243F31741CAFFDAE0018EB62 /* libsqlite3.tbd in Frameworks */,
				243F31721CAFFDA00018EB62 /* CoreGraphics.framework in Frameworks */,
				243F31701CAFFD900018EB62 /* SystemConfiguration.framework in Frameworks */,
				243F316E1CAFFD820018EB62 /* libiconv.tbd in Frameworks */,
				243F316C1CAFFD470018EB62 /* Security.framework in Frameworks */,
				243F315A1CAFFC040018EB62 /* libSocialQQ.a in Frameworks */,
				243F315B1CAFFC040018EB62 /* TencentOpenAPI.framework in Frameworks */,
				243F315E1CAFFC040018EB62 /* libWeChatSDK.a in Frameworks */,
				243F314D1CAFFC040018EB62 /* libUMSocial_Sdk_5.0.1.a in Frameworks */,
				E185DBF820598A546BA4041B /* libPods-WordsAPP.a in Frameworks */,
				243F31571CAFFC040018EB62 /* libSocialSinaSSO.a in Frameworks */,
				243F31581CAFFC040018EB62 /* libWeiboSDK.a in Frameworks */,
				243F315D1CAFFC040018EB62 /* libSocialWechat.a in Frameworks */,
			);
			runOnlyForDeploymentPostprocessing = 0;
		};
/* End PBXFrameworksBuildPhase section */

/* Begin PBXGroup section */
		243F31061CAFFBED0018EB62 /* 第三方 */ = {
			isa = PBXGroup;
			children = (
				243F31071CAFFC040018EB62 /* umeng_ios_social_sdk_5.0-3.1_arm64_custom */,
			);
			path = "第三方";
			sourceTree = "<group>";
		};
		243F31071CAFFC040018EB62 /* umeng_ios_social_sdk_5.0-3.1_arm64_custom */ = {
			isa = PBXGroup;
			children = (
				243F31081CAFFC040018EB62 /* UMSocial_Sdk_5.0.1 */,
				243F31231CAFFC040018EB62 /* UMSocial_Sdk_Extra_Frameworks */,
				243F313F1CAFFC040018EB62 /* UMSocial_Sdk_Instructions */,
			);
			path = "umeng_ios_social_sdk_5.0-3.1_arm64_custom";
			sourceTree = "<group>";
		};
		243F31081CAFFC040018EB62 /* UMSocial_Sdk_5.0.1 */ = {
			isa = PBXGroup;
			children = (
				243F31091CAFFC040018EB62 /* UMSocialLocalizable.strings */,
				243F310B1CAFFC040018EB62 /* Header */,
				243F31171CAFFC040018EB62 /* libUMSocial_Sdk_5.0.1.a */,
				243F31181CAFFC040018EB62 /* SocialSDKXib */,
				243F31211CAFFC040018EB62 /* UMSocialSDKResourcesNew.bundle */,
			);
			path = UMSocial_Sdk_5.0.1;
			sourceTree = "<group>";
		};
		243F310B1CAFFC040018EB62 /* Header */ = {
			isa = PBXGroup;
			children = (
				243F310C1CAFFC040018EB62 /* UMSocial.h */,
				243F310D1CAFFC040018EB62 /* UMSocialAccountManager.h */,
				243F310E1CAFFC040018EB62 /* UMSocialBar.h */,
				243F310F1CAFFC040018EB62 /* UMSocialConfig.h */,
				243F31101CAFFC040018EB62 /* UMSocialControllerService.h */,
				243F31111CAFFC040018EB62 /* UMSocialControllerServiceComment.h */,
				243F31121CAFFC040018EB62 /* UMSocialData.h */,
				243F31131CAFFC040018EB62 /* UMSocialDataService.h */,
				243F31141CAFFC040018EB62 /* UMSocialSnsData.h */,
				243F31151CAFFC040018EB62 /* UMSocialSnsPlatformManager.h */,
				243F31161CAFFC040018EB62 /* UMSocialSnsService.h */,
			);
			path = Header;
			sourceTree = "<group>";
		};
		243F31181CAFFC040018EB62 /* SocialSDKXib */ = {
			isa = PBXGroup;
			children = (
				243F31191CAFFC040018EB62 /* UMSCommentDetailController.xib */,
				243F311A1CAFFC040018EB62 /* UMSCommentInputController.xib */,
				243F311B1CAFFC040018EB62 /* UMSCommentInputControlleriPad.xib */,
				243F311C1CAFFC040018EB62 /* UMShareEditViewController.xib */,
				243F311D1CAFFC040018EB62 /* UMShareEditViewControlleriPad.xib */,
				243F311E1CAFFC040018EB62 /* UMSLoginViewController.xib */,
				243F311F1CAFFC040018EB62 /* UMSnsAccountViewController.xib */,
				243F31201CAFFC040018EB62 /* UMSShareListController.xib */,
			);
			path = SocialSDKXib;
			sourceTree = "<group>";
		};
		243F31231CAFFC040018EB62 /* UMSocial_Sdk_Extra_Frameworks */ = {
			isa = PBXGroup;
			children = (
				243F31241CAFFC040018EB62 /* SinaSSO */,
				243F31331CAFFC040018EB62 /* TencentOpenAPI */,
				243F31381CAFFC040018EB62 /* Wechat */,
			);
			path = UMSocial_Sdk_Extra_Frameworks;
			sourceTree = "<group>";
		};
		243F31241CAFFC040018EB62 /* SinaSSO */ = {
			isa = PBXGroup;
			children = (
				243F31251CAFFC040018EB62 /* libSocialSinaSSO.a */,
				243F31261CAFFC040018EB62 /* libWeiboSDK.a */,
				243F31271CAFFC040018EB62 /* UMSocialSinaSSOHandler.h */,
				243F31281CAFFC040018EB62 /* WBHttpRequest+WeiboGame.h */,
				243F31291CAFFC040018EB62 /* WBHttpRequest+WeiboShare.h */,
				243F312A1CAFFC040018EB62 /* WBHttpRequest+WeiboToken.h */,
				243F312B1CAFFC040018EB62 /* WBHttpRequest+WeiboUser.h */,
				243F312C1CAFFC040018EB62 /* WBHttpRequest.h */,
				243F312D1CAFFC040018EB62 /* WBSDKBasicButton.h */,
				243F312E1CAFFC040018EB62 /* WBSDKCommentButton.h */,
				243F312F1CAFFC040018EB62 /* WBSDKRelationshipButton.h */,
				243F31301CAFFC040018EB62 /* WeiboSDK.bundle */,
				243F31311CAFFC040018EB62 /* WeiboSDK.h */,
				243F31321CAFFC040018EB62 /* WeiboUser.h */,
			);
			path = SinaSSO;
			sourceTree = "<group>";
		};
		243F31331CAFFC040018EB62 /* TencentOpenAPI */ = {
			isa = PBXGroup;
			children = (
				243F31341CAFFC040018EB62 /* libSocialQQ.a */,
				243F31351CAFFC040018EB62 /* TencentOpenAPI.framework */,
				243F31361CAFFC040018EB62 /* TencentOpenApi_IOS_Bundle.bundle */,
				243F31371CAFFC040018EB62 /* UMSocialQQHandler.h */,
			);
			path = TencentOpenAPI;
			sourceTree = "<group>";
		};
		243F31381CAFFC040018EB62 /* Wechat */ = {
			isa = PBXGroup;
			children = (
				243F31391CAFFC040018EB62 /* libSocialWechat.a */,
				243F313A1CAFFC040018EB62 /* libWeChatSDK.a */,
				243F313B1CAFFC040018EB62 /* UMSocialWechatHandler.h */,
				243F313C1CAFFC040018EB62 /* WechatAuthSDK.h */,
				243F313D1CAFFC040018EB62 /* WXApi.h */,
				243F313E1CAFFC040018EB62 /* WXApiObject.h */,
			);
			path = Wechat;
			sourceTree = "<group>";
		};
		243F313F1CAFFC040018EB62 /* UMSocial_Sdk_Instructions */ = {
			isa = PBXGroup;
			children = (
				243F31401CAFFC040018EB62 /* iOS-social-analytics-releasenote.html */,
				243F31411CAFFC040018EB62 /* iOS-social-releasenote.html */,
				243F31421CAFFC040018EB62 /* ios-social-sdk-comment-detail.html */,
				243F31431CAFFC040018EB62 /* ios-social-sdk-comment-quick.html */,
				243F31441CAFFC040018EB62 /* ios-social-sdk-like.html */,
				243F31451CAFFC040018EB62 /* ios-social-sdk-login-detail.html */,
				243F31461CAFFC040018EB62 /* ios-social-sdk-login-quick.html */,
				243F31471CAFFC040018EB62 /* ios-social-sdk-shake.html */,
				243F31481CAFFC040018EB62 /* ios-social-sdk-share-detail.html */,
				243F31491CAFFC040018EB62 /* ios-social-sdk-share-quick.html */,
				243F314A1CAFFC040018EB62 /* ios-social-sdk-socialbar.html */,
				243F314B1CAFFC040018EB62 /* markdown.css */,
			);
			path = UMSocial_Sdk_Instructions;
			sourceTree = "<group>";
		};
		245ED6181CA2775900BE79E2 /* 公用 */ = {
			isa = PBXGroup;
			children = (
				CEDAC0251CB2E6020092D5B5 /* 复杂模式图片 */,
				CEDAC0291CB2E6020092D5B5 /* 简单模式图片 */,
				CEDAC02E1CB2E6020092D5B5 /* 中等模式图片 */,
				CEDAC0311CB2E6020092D5B5 /* tab */,
				CEDAC0371CB2E6030092D5B5 /* 棒.png */,
				CEDAC06D1CB2EEA60092D5B5 /* 暂无数据.png */,
				CEDAC0381CB2E6030092D5B5 /* 背景.png */,
				CEDAC0391CB2E6030092D5B5 /* 错题重做.png */,
				CEDAC03A1CB2E6030092D5B5 /* 返回1.png */,
				CEDAC03B1CB2E6030092D5B5 /* 复杂模式1.png */,
				CEDAC03C1CB2E6030092D5B5 /* 个人.png */,
				CEDAC03D1CB2E6030092D5B5 /* 个人记录1.png */,
				CEDAC03E1CB2E6030092D5B5 /* 及格.png */,
				CEDAC03F1CB2E6030092D5B5 /* 简单模式1.png */,
				CEDAC0401CB2E6030092D5B5 /* 开始答题.png */,
				CEDAC0411CB2E6030092D5B5 /* 首页底.png */,
				CEDAC0421CB2E6030092D5B5 /* 完成并提交.png */,
				CEDAC0431CB2E6030092D5B5 /* 未及格.png */,
				CEDAC0441CB2E6030092D5B5 /* 星星.png */,
				CEDAC0451CB2E6030092D5B5 /* 选择背景.png */,
				CEDAC0461CB2E6030092D5B5 /* 优秀.png */,
				CEDAC0471CB2E6030092D5B5 /* 中等模式1.png */,
				CEDAC0481CB2E6030092D5B5 /* 重新答题.png */,
				24EF220D1CAA617C00F1384B /* 错.png */,
				24EF220B1CAA617400F1384B /* 对.png */,
			);
			path = "公用";
			sourceTree = "<group>";
		};
		247F06C81CAC135800262684 /* 网络请求 */ = {
			isa = PBXGroup;
			children = (
				247F06C91CAC135800262684 /* Networking.h */,
				247F06CA1CAC135800262684 /* Networking.m */,
			);
			path = "网络请求";
			sourceTree = "<group>";
		};
		247F06CC1CAC13AF00262684 /* 记录 */ = {
			isa = PBXGroup;
			children = (
				247F06D11CAC13AF00262684 /* UserViewController.h */,
				247F06D21CAC13AF00262684 /* UserViewController.m */,
				247F06CD1CAC13AF00262684 /* recordViewController.h */,
				247F06CE1CAC13AF00262684 /* recordViewController.m */,
				247F06D31CAC13AF00262684 /* WrongQuestionViewController.h */,
				247F06D41CAC13AF00262684 /* WrongQuestionViewController.m */,
				247F06DC1CACC6E100262684 /* QuestionTableViewCell.h */,
				247F06DD1CACC6E100262684 /* QuestionTableViewCell.m */,
				247F06DF1CACC75700262684 /* record */,
			);
			path = "记录";
			sourceTree = "<group>";
		};
		247F06DF1CACC75700262684 /* record */ = {
			isa = PBXGroup;
			children = (
				247F06D91CAC140100262684 /* RecordDayViewController.h */,
				247F06DA1CAC140100262684 /* RecordDayViewController.m */,
				247F06CF1CAC13AF00262684 /* RecoredTableViewCell.h */,
				247F06D01CAC13AF00262684 /* RecoredTableViewCell.m */,
			);
			name = record;
			sourceTree = "<group>";
		};
		247F087A1CAD27D000262684 /* Views */ = {
			isa = PBXGroup;
			children = (
				247F087B1CAD27D000262684 /* ModelView.h */,
				247F087C1CAD27D000262684 /* ModelView.m */,
				CEDAC0201CB2E5680092D5B5 /* MidiumView.h */,
				CEDAC0211CB2E5680092D5B5 /* MidiumView.m */,
				CEDAC01E1CB2E5680092D5B5 /* DifficultView.h */,
				CEDAC01F1CB2E5680092D5B5 /* DifficultView.m */,
				CEDAC01C1CB2E5680092D5B5 /* CompleteView.h */,
				CEDAC01D1CB2E5680092D5B5 /* CompleteView.m */,
			);
			path = Views;
			sourceTree = "<group>";
		};
		24DD26251C9A8BF10007997A = {
			isa = PBXGroup;
			children = (
				24DD26301C9A8BF10007997A /* WordsAPP */,
				24DD262F1C9A8BF10007997A /* Products */,
				AC598EA1A03E3777E3BE5AB3 /* Pods */,
				95AF34483F7083D4A36DB04D /* Frameworks */,
			);
			sourceTree = "<group>";
		};
		24DD262F1C9A8BF10007997A /* Products */ = {
			isa = PBXGroup;
			children = (
				24DD262E1C9A8BF10007997A /* WordsAPP.app */,
			);
			name = Products;
			sourceTree = "<group>";
		};
		24DD26301C9A8BF10007997A /* WordsAPP */ = {
			isa = PBXGroup;
			children = (
				24DD26341C9A8BF10007997A /* AppDelegate.h */,
				24DD26351C9A8BF10007997A /* AppDelegate.m */,
				24DD26371C9A8BF10007997A /* ViewController.h */,
				24DD26381C9A8BF10007997A /* ViewController.m */,
				24DD26501C9A8D540007997A /* baseViewController */,
				247F06C81CAC135800262684 /* 网络请求 */,
				24DD26491C9A8D540007997A /* 首页 */,
				247F06CC1CAC13AF00262684 /* 记录 */,
				247F087A1CAD27D000262684 /* Views */,
				243F31061CAFFBED0018EB62 /* 第三方 */,
				24DD264A1C9A8D540007997A /* 图片 */,
				24DD263A1C9A8BF10007997A /* Main.storyboard */,
				24DD263D1C9A8BF10007997A /* Assets.xcassets */,
				24DD263F1C9A8BF10007997A /* LaunchScreen.storyboard */,
				24DD26421C9A8BF10007997A /* Info.plist */,
				24DD26311C9A8BF10007997A /* Supporting Files */,
			);
			path = WordsAPP;
			sourceTree = "<group>";
		};
		24DD26311C9A8BF10007997A /* Supporting Files */ = {
			isa = PBXGroup;
			children = (
				24DD26321C9A8BF10007997A /* main.m */,
			);
			name = "Supporting Files";
			sourceTree = "<group>";
		};
		24DD26491C9A8D540007997A /* 首页 */ = {
			isa = PBXGroup;
			children = (
				24DD267A1C9AD98D0007997A /* HomeViewController.h */,
				24DD267B1C9AD98D0007997A /* HomeViewController.m */,
				245ED61D1CA2808100BE79E2 /* LevelViewController.h */,
				245ED61E1CA2808100BE79E2 /* LevelViewController.m */,
				24EF21991CA9523900F1384B /* SimpleViewController.h */,
				24EF219A1CA9523900F1384B /* SimpleViewController.m */,
				24EF219C1CA9525000F1384B /* MediumViewController.h */,
				24EF219D1CA9525000F1384B /* MediumViewController.m */,
				24EF219F1CA9526600F1384B /* DifficultViewController.h */,
				24EF21A01CA9526600F1384B /* DifficultViewController.m */,
			);
			path = "首页";
			sourceTree = "<group>";
		};
		24DD264A1C9A8D540007997A /* 图片 */ = {
			isa = PBXGroup;
			children = (
				CEF23E261CB3480F006D1727 /* 动画 */,
				245ED6181CA2775900BE79E2 /* 公用 */,
				24E7A7FF1CA2963200A162FB /* 水果 */,
				24E7A7FE1CA2963200A162FB /* 蔬菜 */,
				24DD264C1C9A8D540007997A /* 动物 */,
				24E7A7FD1CA2963200A162FB /* 生活用品 */,
				24E7A8001CA2963200A162FB /* 运动 */,
			);
			path = "图片";
			sourceTree = "<group>";
		};
		24DD264C1C9A8D540007997A /* 动物 */ = {
			isa = PBXGroup;
			children = (
				CEDAC0691CB2E63D0092D5B5 /* 动物.png */,
			);
			path = "动物";
			sourceTree = "<group>";
		};
		24DD26501C9A8D540007997A /* baseViewController */ = {
			isa = PBXGroup;
			children = (
				24DD26771C9AD4A50007997A /* BaseViewController.h */,
				24DD26781C9AD4A50007997A /* BaseViewController.m */,
			);
			path = baseViewController;
			sourceTree = "<group>";
		};
		24E7A7FD1CA2963200A162FB /* 生活用品 */ = {
			isa = PBXGroup;
			children = (
				CEDAC06B1CB2E64A0092D5B5 /* 生活.png */,
			);
			path = "生活用品";
			sourceTree = "<group>";
		};
		24E7A7FE1CA2963200A162FB /* 蔬菜 */ = {
			isa = PBXGroup;
			children = (
				24E7A8011CA2968500A162FB /* 蔬菜.png */,
			);
			path = "蔬菜";
			sourceTree = "<group>";
		};
		24E7A7FF1CA2963200A162FB /* 水果 */ = {
			isa = PBXGroup;
			children = (
				24E7A8031CA2968D00A162FB /* 水果.png */,
			);
			path = "水果";
			sourceTree = "<group>";
		};
		24E7A8001CA2963200A162FB /* 运动 */ = {
			isa = PBXGroup;
			children = (
				24E7A8051CA2969D00A162FB /* 运动.png */,
			);
			path = "运动";
			sourceTree = "<group>";
		};
		95AF34483F7083D4A36DB04D /* Frameworks */ = {
			isa = PBXGroup;
			children = (
				243F317B1CAFFED90018EB62 /* ImageIO.framework */,
				243F31791CAFFDD30018EB62 /* libz.tbd */,
				243F31771CAFFDC70018EB62 /* libstdc++.tbd */,
				243F31751CAFFDBA0018EB62 /* CoreTelephony.framework */,
				243F31731CAFFDAE0018EB62 /* libsqlite3.tbd */,
				243F31711CAFFDA00018EB62 /* CoreGraphics.framework */,
				243F316F1CAFFD900018EB62 /* SystemConfiguration.framework */,
				243F316D1CAFFD820018EB62 /* libiconv.tbd */,
				243F316B1CAFFD470018EB62 /* Security.framework */,
				E735C076B388FE593770211B /* libPods-WordsAPP.a */,
			);
			name = Frameworks;
			sourceTree = "<group>";
		};
		AC598EA1A03E3777E3BE5AB3 /* Pods */ = {
			isa = PBXGroup;
			children = (
				4AF5D6E0618807C84787B264 /* Pods-WordsAPP.debug.xcconfig */,
				C398090B36CA83F682595D72 /* Pods-WordsAPP.release.xcconfig */,
			);
			name = Pods;
			sourceTree = "<group>";
		};
		CEDAC0251CB2E6020092D5B5 /* 复杂模式图片 */ = {
			isa = PBXGroup;
			children = (
				CEDAC0261CB2E6020092D5B5 /* 复杂模式背景.png */,
				CEDAC0271CB2E6020092D5B5 /* 提示2.png */,
				CEDAC0281CB2E6020092D5B5 /* 确定.png */,
			);
			path = "复杂模式图片";
			sourceTree = "<group>";
		};
		CEDAC0291CB2E6020092D5B5 /* 简单模式图片 */ = {
			isa = PBXGroup;
			children = (
				CEDAC02A1CB2E6020092D5B5 /* 下一题.png */,
				CEDAC02B1CB2E6020092D5B5 /* 提示.png */,
				CEDAC02C1CB2E6020092D5B5 /* 查看正确答案.png */,
				CEDAC02D1CB2E6020092D5B5 /* 简单模式背景.png */,
			);
			path = "简单模式图片";
			sourceTree = "<group>";
		};
		CEDAC02E1CB2E6020092D5B5 /* 中等模式图片 */ = {
			isa = PBXGroup;
			children = (
				CEDAC02F1CB2E6020092D5B5 /* 中等模式背景.png */,
				CEDAC0301CB2E6020092D5B5 /* 提示1.png */,
			);
			path = "中等模式图片";
			sourceTree = "<group>";
		};
		CEDAC0311CB2E6020092D5B5 /* tab */ = {
			isa = PBXGroup;
			children = (
				CEDAC0321CB2E6020092D5B5 /* 个人tab.png */,
				CEDAC0331CB2E6020092D5B5 /* 个人tab点击.png */,
				CEDAC0341CB2E6020092D5B5 /* 主页tab.png */,
				CEDAC0351CB2E6020092D5B5 /* 主页tab点击.png */,
			);
			path = tab;
			sourceTree = "<group>";
		};
		CEF23E261CB3480F006D1727 /* 动画 */ = {
			isa = PBXGroup;
			children = (
				CEF23E271CB3480F006D1727 /* 1.png */,
				CEF23E281CB3480F006D1727 /* 2.png */,
				CEF23E291CB3480F006D1727 /* 3.png */,
				CEF23E2A1CB3480F006D1727 /* 4.png */,
				CEF23E2B1CB3480F006D1727 /* 5.png */,
				CEF23E2C1CB3480F006D1727 /* 6.png */,
				CEF23E2D1CB3480F006D1727 /* 7.png */,
			);
			path = "动画";
			sourceTree = "<group>";
		};
/* End PBXGroup section */

/* Begin PBXNativeTarget section */
		24DD262D1C9A8BF10007997A /* WordsAPP */ = {
			isa = PBXNativeTarget;
			buildConfigurationList = 24DD26451C9A8BF10007997A /* Build configuration list for PBXNativeTarget "WordsAPP" */;
			buildPhases = (
				B15502E3F15B42F6D0CD77E9 /* Check Pods Manifest.lock */,
				24DD262A1C9A8BF10007997A /* Sources */,
				24DD262B1C9A8BF10007997A /* Frameworks */,
				24DD262C1C9A8BF10007997A /* Resources */,
				AE6AAECFFF28B711652F33E8 /* Embed Pods Frameworks */,
				0D415998E28C59EC782CDD14 /* Copy Pods Resources */,
			);
			buildRules = (
			);
			dependencies = (
			);
			name = WordsAPP;
			productName = WordsAPP;
			productReference = 24DD262E1C9A8BF10007997A /* WordsAPP.app */;
			productType = "com.apple.product-type.application";
		};
/* End PBXNativeTarget section */

/* Begin PBXProject section */
		24DD26261C9A8BF10007997A /* Project object */ = {
			isa = PBXProject;
			attributes = {
				LastUpgradeCheck = 0720;
				ORGANIZATIONNAME = zhugaoqiang;
				TargetAttributes = {
					24DD262D1C9A8BF10007997A = {
						CreatedOnToolsVersion = 7.2.1;
					};
				};
			};
			buildConfigurationList = 24DD26291C9A8BF10007997A /* Build configuration list for PBXProject "WordsAPP" */;
			compatibilityVersion = "Xcode 3.2";
			developmentRegion = English;
			hasScannedForEncodings = 0;
			knownRegions = (
				en,
				Base,
				"zh-Hans",
			);
			mainGroup = 24DD26251C9A8BF10007997A;
			productRefGroup = 24DD262F1C9A8BF10007997A /* Products */;
			projectDirPath = "";
			projectRoot = "";
			targets = (
				24DD262D1C9A8BF10007997A /* WordsAPP */,
			);
		};
/* End PBXProject section */

/* Begin PBXResourcesBuildPhase section */
		24DD262C1C9A8BF10007997A /* Resources */ = {
			isa = PBXResourcesBuildPhase;
			buildActionMask = 2147483647;
			files = (
				CEDAC06C1CB2E64A0092D5B5 /* 生活.png in Resources */,
				CEDAC0511CB2E6030092D5B5 /* 提示1.png in Resources */,
				CEF23E2F1CB3480F006D1727 /* 2.png in Resources */,
				243F31681CAFFC040018EB62 /* ios-social-sdk-share-quick.html in Resources */,
				24E7A8021CA2968500A162FB /* 蔬菜.png in Resources */,
				CEF23E2E1CB3480F006D1727 /* 1.png in Resources */,
				CEDAC0491CB2E6030092D5B5 /* 复杂模式背景.png in Resources */,
				243F31521CAFFC040018EB62 /* UMShareEditViewControlleriPad.xib in Resources */,
				CEF23E311CB3480F006D1727 /* 4.png in Resources */,
				CEDAC0621CB2E6030092D5B5 /* 完成并提交.png in Resources */,
				243F31601CAFFC040018EB62 /* iOS-social-releasenote.html in Resources */,
				CEDAC0651CB2E6030092D5B5 /* 选择背景.png in Resources */,
				243F31651CAFFC040018EB62 /* ios-social-sdk-login-quick.html in Resources */,
				CEDAC0551CB2E6030092D5B5 /* 主页tab点击.png in Resources */,
				CEDAC06A1CB2E63D0092D5B5 /* 动物.png in Resources */,
				243F31661CAFFC040018EB62 /* ios-social-sdk-shake.html in Resources */,
				CEDAC0681CB2E6030092D5B5 /* 重新答题.png in Resources */,
				243F31621CAFFC040018EB62 /* ios-social-sdk-comment-quick.html in Resources */,
				24E7A8041CA2968D00A162FB /* 水果.png in Resources */,
				CEDAC04E1CB2E6030092D5B5 /* 查看正确答案.png in Resources */,
				243F31541CAFFC040018EB62 /* UMSnsAccountViewController.xib in Resources */,
				CEDAC0501CB2E6030092D5B5 /* 中等模式背景.png in Resources */,
				CEDAC0661CB2E6030092D5B5 /* 优秀.png in Resources */,
				243F314E1CAFFC040018EB62 /* UMSCommentDetailController.xib in Resources */,
				24EF220C1CAA617400F1384B /* 对.png in Resources */,
				CEDAC04D1CB2E6030092D5B5 /* 提示.png in Resources */,
				24EF220E1CAA617C00F1384B /* 错.png in Resources */,
				243F31501CAFFC040018EB62 /* UMSCommentInputControlleriPad.xib in Resources */,
				CEF23E341CB3480F006D1727 /* 7.png in Resources */,
				CEDAC0521CB2E6030092D5B5 /* 个人tab.png in Resources */,
				CEDAC0611CB2E6030092D5B5 /* 首页底.png in Resources */,
				CEF23E331CB3480F006D1727 /* 6.png in Resources */,
				243F31511CAFFC040018EB62 /* UMShareEditViewController.xib in Resources */,
				CEDAC05C1CB2E6030092D5B5 /* 个人.png in Resources */,
				243F31611CAFFC040018EB62 /* ios-social-sdk-comment-detail.html in Resources */,
				243F315C1CAFFC040018EB62 /* TencentOpenApi_IOS_Bundle.bundle in Resources */,
				CEF23E321CB3480F006D1727 /* 5.png in Resources */,
				CEDAC0601CB2E6030092D5B5 /* 开始答题.png in Resources */,
				243F314F1CAFFC040018EB62 /* UMSCommentInputController.xib in Resources */,
				CEDAC04F1CB2E6030092D5B5 /* 简单模式背景.png in Resources */,
				CEDAC05F1CB2E6030092D5B5 /* 简单模式1.png in Resources */,
				243F316A1CAFFC040018EB62 /* markdown.css in Resources */,
				243F31671CAFFC040018EB62 /* ios-social-sdk-share-detail.html in Resources */,
				CEDAC05E1CB2E6030092D5B5 /* 及格.png in Resources */,
				24E7A8061CA2969D00A162FB /* 运动.png in Resources */,
				CEDAC0671CB2E6030092D5B5 /* 中等模式1.png in Resources */,
				243F31691CAFFC040018EB62 /* ios-social-sdk-socialbar.html in Resources */,
				243F31591CAFFC040018EB62 /* WeiboSDK.bundle in Resources */,
				CEDAC0541CB2E6030092D5B5 /* 主页tab.png in Resources */,
				24DD26411C9A8BF10007997A /* LaunchScreen.storyboard in Resources */,
				CEDAC05D1CB2E6030092D5B5 /* 个人记录1.png in Resources */,
				24DD263E1C9A8BF10007997A /* Assets.xcassets in Resources */,
				CEDAC04C1CB2E6030092D5B5 /* 下一题.png in Resources */,
				243F31551CAFFC040018EB62 /* UMSShareListController.xib in Resources */,
				CEDAC0641CB2E6030092D5B5 /* 星星.png in Resources */,
				CEDAC04B1CB2E6030092D5B5 /* 确定.png in Resources */,
				243F31531CAFFC040018EB62 /* UMSLoginViewController.xib in Resources */,
				CEDAC05B1CB2E6030092D5B5 /* 复杂模式1.png in Resources */,
				CEDAC0591CB2E6030092D5B5 /* 错题重做.png in Resources */,
				CEDAC0581CB2E6030092D5B5 /* 背景.png in Resources */,
				24DD263C1C9A8BF10007997A /* Main.storyboard in Resources */,
				CEF23E301CB3480F006D1727 /* 3.png in Resources */,
				CEDAC04A1CB2E6030092D5B5 /* 提示2.png in Resources */,
				CEDAC0531CB2E6030092D5B5 /* 个人tab点击.png in Resources */,
				243F31631CAFFC040018EB62 /* ios-social-sdk-like.html in Resources */,
				243F314C1CAFFC040018EB62 /* UMSocialLocalizable.strings in Resources */,
				CEDAC06E1CB2EEA60092D5B5 /* 暂无数据.png in Resources */,
				243F315F1CAFFC040018EB62 /* iOS-social-analytics-releasenote.html in Resources */,
				243F31641CAFFC040018EB62 /* ios-social-sdk-login-detail.html in Resources */,
				CEDAC0631CB2E6030092D5B5 /* 未及格.png in Resources */,
				CEDAC05A1CB2E6030092D5B5 /* 返回1.png in Resources */,
				243F31561CAFFC040018EB62 /* UMSocialSDKResourcesNew.bundle in Resources */,
				CEDAC0571CB2E6030092D5B5 /* 棒.png in Resources */,
			);
			runOnlyForDeploymentPostprocessing = 0;
		};
/* End PBXResourcesBuildPhase section */

/* Begin PBXShellScriptBuildPhase section */
		0D415998E28C59EC782CDD14 /* Copy Pods Resources */ = {
			isa = PBXShellScriptBuildPhase;
			buildActionMask = 2147483647;
			files = (
			);
			inputPaths = (
			);
			name = "Copy Pods Resources";
			outputPaths = (
			);
			runOnlyForDeploymentPostprocessing = 0;
			shellPath = /bin/sh;
			shellScript = "\"${SRCROOT}/Pods/Target Support Files/Pods-WordsAPP/Pods-WordsAPP-resources.sh\"\n";
			showEnvVarsInLog = 0;
		};
		AE6AAECFFF28B711652F33E8 /* Embed Pods Frameworks */ = {
			isa = PBXShellScriptBuildPhase;
			buildActionMask = 2147483647;
			files = (
			);
			inputPaths = (
			);
			name = "Embed Pods Frameworks";
			outputPaths = (
			);
			runOnlyForDeploymentPostprocessing = 0;
			shellPath = /bin/sh;
			shellScript = "\"${SRCROOT}/Pods/Target Support Files/Pods-WordsAPP/Pods-WordsAPP-frameworks.sh\"\n";
			showEnvVarsInLog = 0;
		};
		B15502E3F15B42F6D0CD77E9 /* Check Pods Manifest.lock */ = {
			isa = PBXShellScriptBuildPhase;
			buildActionMask = 2147483647;
			files = (
			);
			inputPaths = (
			);
			name = "Check Pods Manifest.lock";
			outputPaths = (
			);
			runOnlyForDeploymentPostprocessing = 0;
			shellPath = /bin/sh;
			shellScript = "diff \"${PODS_ROOT}/../Podfile.lock\" \"${PODS_ROOT}/Manifest.lock\" > /dev/null\nif [[ $? != 0 ]] ; then\n    cat << EOM\nerror: The sandbox is not in sync with the Podfile.lock. Run 'pod install' or update your CocoaPods installation.\nEOM\n    exit 1\nfi\n";
			showEnvVarsInLog = 0;
		};
/* End PBXShellScriptBuildPhase section */

/* Begin PBXSourcesBuildPhase section */
		24DD262A1C9A8BF10007997A /* Sources */ = {
			isa = PBXSourcesBuildPhase;
			buildActionMask = 2147483647;
			files = (
				247F06D81CAC13AF00262684 /* WrongQuestionViewController.m in Sources */,
				247F06D71CAC13AF00262684 /* UserViewController.m in Sources */,
				247F087D1CAD27D000262684 /* ModelView.m in Sources */,
				247F06DB1CAC140100262684 /* RecordDayViewController.m in Sources */,
				247F06D61CAC13AF00262684 /* RecoredTableViewCell.m in Sources */,
				247F06D51CAC13AF00262684 /* recordViewController.m in Sources */,
				24DD26391C9A8BF10007997A /* ViewController.m in Sources */,
				245ED61F1CA2808100BE79E2 /* LevelViewController.m in Sources */,
				24DD26791C9AD4A50007997A /* BaseViewController.m in Sources */,
				24DD26361C9A8BF10007997A /* AppDelegate.m in Sources */,
				24DD267C1C9AD98D0007997A /* HomeViewController.m in Sources */,
				247F06DE1CACC6E100262684 /* QuestionTableViewCell.m in Sources */,
				CEDAC0241CB2E5680092D5B5 /* MidiumView.m in Sources */,
				24EF219B1CA9523900F1384B /* SimpleViewController.m in Sources */,
				CEDAC0221CB2E5680092D5B5 /* CompleteView.m in Sources */,
				24DD26331C9A8BF10007997A /* main.m in Sources */,
				24EF219E1CA9525000F1384B /* MediumViewController.m in Sources */,
				24EF21A11CA9526600F1384B /* DifficultViewController.m in Sources */,
				247F06CB1CAC135800262684 /* Networking.m in Sources */,
				CEDAC0231CB2E5680092D5B5 /* DifficultView.m in Sources */,
			);
			runOnlyForDeploymentPostprocessing = 0;
		};
/* End PBXSourcesBuildPhase section */

/* Begin PBXVariantGroup section */
		243F31091CAFFC040018EB62 /* UMSocialLocalizable.strings */ = {
			isa = PBXVariantGroup;
			children = (
				243F310A1CAFFC040018EB62 /* en */,
				243F31221CAFFC040018EB62 /* zh-Hans */,
			);
			name = UMSocialLocalizable.strings;
			sourceTree = "<group>";
		};
		24DD263A1C9A8BF10007997A /* Main.storyboard */ = {
			isa = PBXVariantGroup;
			children = (
				24DD263B1C9A8BF10007997A /* Base */,
			);
			name = Main.storyboard;
			sourceTree = "<group>";
		};
		24DD263F1C9A8BF10007997A /* LaunchScreen.storyboard */ = {
			isa = PBXVariantGroup;
			children = (
				24DD26401C9A8BF10007997A /* Base */,
			);
			name = LaunchScreen.storyboard;
			sourceTree = "<group>";
		};
/* End PBXVariantGroup section */

/* Begin XCBuildConfiguration section */
		24DD26431C9A8BF10007997A /* Debug */ = {
			isa = XCBuildConfiguration;
			buildSettings = {
				ALWAYS_SEARCH_USER_PATHS = NO;
				CLANG_CXX_LANGUAGE_STANDARD = "gnu++0x";
				CLANG_CXX_LIBRARY = "libc++";
				CLANG_ENABLE_MODULES = YES;
				CLANG_ENABLE_OBJC_ARC = YES;
				CLANG_WARN_BOOL_CONVERSION = YES;
				CLANG_WARN_CONSTANT_CONVERSION = YES;
				CLANG_WARN_DIRECT_OBJC_ISA_USAGE = YES_ERROR;
				CLANG_WARN_EMPTY_BODY = YES;
				CLANG_WARN_ENUM_CONVERSION = YES;
				CLANG_WARN_INT_CONVERSION = YES;
				CLANG_WARN_OBJC_ROOT_CLASS = YES_ERROR;
				CLANG_WARN_UNREACHABLE_CODE = YES;
				CLANG_WARN__DUPLICATE_METHOD_MATCH = YES;
				"CODE_SIGN_IDENTITY[sdk=iphoneos*]" = "iPhone Developer";
				COPY_PHASE_STRIP = NO;
				DEBUG_INFORMATION_FORMAT = dwarf;
				ENABLE_STRICT_OBJC_MSGSEND = YES;
				ENABLE_TESTABILITY = YES;
				GCC_C_LANGUAGE_STANDARD = gnu99;
				GCC_DYNAMIC_NO_PIC = NO;
				GCC_NO_COMMON_BLOCKS = YES;
				GCC_OPTIMIZATION_LEVEL = 0;
				GCC_PREPROCESSOR_DEFINITIONS = (
					"DEBUG=1",
					"$(inherited)",
				);
				GCC_WARN_64_TO_32_BIT_CONVERSION = YES;
				GCC_WARN_ABOUT_RETURN_TYPE = YES_ERROR;
				GCC_WARN_UNDECLARED_SELECTOR = YES;
				GCC_WARN_UNINITIALIZED_AUTOS = YES_AGGRESSIVE;
				GCC_WARN_UNUSED_FUNCTION = YES;
				GCC_WARN_UNUSED_VARIABLE = YES;
				IPHONEOS_DEPLOYMENT_TARGET = 9.0;
				MTL_ENABLE_DEBUG_INFO = YES;
				ONLY_ACTIVE_ARCH = YES;
				SDKROOT = iphoneos;
			};
			name = Debug;
		};
		24DD26441C9A8BF10007997A /* Release */ = {
			isa = XCBuildConfiguration;
			buildSettings = {
				ALWAYS_SEARCH_USER_PATHS = NO;
				CLANG_CXX_LANGUAGE_STANDARD = "gnu++0x";
				CLANG_CXX_LIBRARY = "libc++";
				CLANG_ENABLE_MODULES = YES;
				CLANG_ENABLE_OBJC_ARC = YES;
				CLANG_WARN_BOOL_CONVERSION = YES;
				CLANG_WARN_CONSTANT_CONVERSION = YES;
				CLANG_WARN_DIRECT_OBJC_ISA_USAGE = YES_ERROR;
				CLANG_WARN_EMPTY_BODY = YES;
				CLANG_WARN_ENUM_CONVERSION = YES;
				CLANG_WARN_INT_CONVERSION = YES;
				CLANG_WARN_OBJC_ROOT_CLASS = YES_ERROR;
				CLANG_WARN_UNREACHABLE_CODE = YES;
				CLANG_WARN__DUPLICATE_METHOD_MATCH = YES;
				"CODE_SIGN_IDENTITY[sdk=iphoneos*]" = "iPhone Developer";
				COPY_PHASE_STRIP = NO;
				DEBUG_INFORMATION_FORMAT = "dwarf-with-dsym";
				ENABLE_NS_ASSERTIONS = NO;
				ENABLE_STRICT_OBJC_MSGSEND = YES;
				GCC_C_LANGUAGE_STANDARD = gnu99;
				GCC_NO_COMMON_BLOCKS = YES;
				GCC_WARN_64_TO_32_BIT_CONVERSION = YES;
				GCC_WARN_ABOUT_RETURN_TYPE = YES_ERROR;
				GCC_WARN_UNDECLARED_SELECTOR = YES;
				GCC_WARN_UNINITIALIZED_AUTOS = YES_AGGRESSIVE;
				GCC_WARN_UNUSED_FUNCTION = YES;
				GCC_WARN_UNUSED_VARIABLE = YES;
				IPHONEOS_DEPLOYMENT_TARGET = 9.0;
				MTL_ENABLE_DEBUG_INFO = NO;
				SDKROOT = iphoneos;
				VALIDATE_PRODUCT = YES;
			};
			name = Release;
		};
		24DD26461C9A8BF10007997A /* Debug */ = {
			isa = XCBuildConfiguration;
			baseConfigurationReference = 4AF5D6E0618807C84787B264 /* Pods-WordsAPP.debug.xcconfig */;
			buildSettings = {
				ASSETCATALOG_COMPILER_APPICON_NAME = AppIcon;
				FRAMEWORK_SEARCH_PATHS = (
					"$(inherited)",
					"$(PROJECT_DIR)/WordsAPP/第三方/umeng_ios_social_sdk_5.0-3.1_arm64_custom/UMSocial_Sdk_Extra_Frameworks/TencentOpenAPI",
				);
				GCC_PREFIX_HEADER = "$(SRCROOT)/WordsAPP/PrefixHeader.pch";
				INFOPLIST_FILE = WordsAPP/Info.plist;
				IPHONEOS_DEPLOYMENT_TARGET = 9.0;
				LD_RUNPATH_SEARCH_PATHS = "$(inherited) @executable_path/Frameworks";
				LIBRARY_SEARCH_PATHS = (
					"$(inherited)",
					"$(PROJECT_DIR)/WordsAPP/第三方/umeng_ios_social_sdk_5.0-3.1_arm64_custom/UMSocial_Sdk_5.0.1",
					"$(PROJECT_DIR)/WordsAPP/第三方/umeng_ios_social_sdk_5.0-3.1_arm64_custom/UMSocial_Sdk_Extra_Frameworks/SinaSSO",
					"$(PROJECT_DIR)/WordsAPP/第三方/umeng_ios_social_sdk_5.0-3.1_arm64_custom/UMSocial_Sdk_Extra_Frameworks/TencentOpenAPI",
					"$(PROJECT_DIR)/WordsAPP/第三方/umeng_ios_social_sdk_5.0-3.1_arm64_custom/UMSocial_Sdk_Extra_Frameworks/Wechat",
				);
				PRODUCT_BUNDLE_IDENTIFIER = zhugaoqiang.WordsAPP;
				PRODUCT_NAME = "$(TARGET_NAME)";
			};
			name = Debug;
		};
		24DD26471C9A8BF10007997A /* Release */ = {
			isa = XCBuildConfiguration;
			baseConfigurationReference = C398090B36CA83F682595D72 /* Pods-WordsAPP.release.xcconfig */;
			buildSettings = {
				ASSETCATALOG_COMPILER_APPICON_NAME = AppIcon;
				FRAMEWORK_SEARCH_PATHS = (
					"$(inherited)",
					"$(PROJECT_DIR)/WordsAPP/第三方/umeng_ios_social_sdk_5.0-3.1_arm64_custom/UMSocial_Sdk_Extra_Frameworks/TencentOpenAPI",
				);
				GCC_PREFIX_HEADER = "$(SRCROOT)/WordsAPP/PrefixHeader.pch";
				INFOPLIST_FILE = WordsAPP/Info.plist;
				IPHONEOS_DEPLOYMENT_TARGET = 9.0;
				LD_RUNPATH_SEARCH_PATHS = "$(inherited) @executable_path/Frameworks";
				LIBRARY_SEARCH_PATHS = (
					"$(inherited)",
					"$(PROJECT_DIR)/WordsAPP/第三方/umeng_ios_social_sdk_5.0-3.1_arm64_custom/UMSocial_Sdk_5.0.1",
					"$(PROJECT_DIR)/WordsAPP/第三方/umeng_ios_social_sdk_5.0-3.1_arm64_custom/UMSocial_Sdk_Extra_Frameworks/SinaSSO",
					"$(PROJECT_DIR)/WordsAPP/第三方/umeng_ios_social_sdk_5.0-3.1_arm64_custom/UMSocial_Sdk_Extra_Frameworks/TencentOpenAPI",
					"$(PROJECT_DIR)/WordsAPP/第三方/umeng_ios_social_sdk_5.0-3.1_arm64_custom/UMSocial_Sdk_Extra_Frameworks/Wechat",
				);
				PRODUCT_BUNDLE_IDENTIFIER = zhugaoqiang.WordsAPP;
				PRODUCT_NAME = "$(TARGET_NAME)";
			};
			name = Release;
		};
/* End XCBuildConfiguration section */

/* Begin XCConfigurationList section */
		24DD26291C9A8BF10007997A /* Build configuration list for PBXProject "WordsAPP" */ = {
			isa = XCConfigurationList;
			buildConfigurations = (
				24DD26431C9A8BF10007997A /* Debug */,
				24DD26441C9A8BF10007997A /* Release */,
			);
			defaultConfigurationIsVisible = 0;
			defaultConfigurationName = Release;
		};
		24DD26451C9A8BF10007997A /* Build configuration list for PBXNativeTarget "WordsAPP" */ = {
			isa = XCConfigurationList;
			buildConfigurations = (
				24DD26461C9A8BF10007997A /* Debug */,
				24DD26471C9A8BF10007997A /* Release */,
			);
			defaultConfigurationIsVisible = 0;
			defaultConfigurationName = Release;
		};
/* End XCConfigurationList section */
	};
	rootObject = 24DD26261C9A8BF10007997A /* Project object */;
}
